PODS:
  - Alamofire (5.9.1)
  - AuthCoreAdapter (2.0.3):
    - ConnectCommon
    - ParticleAuthCore
  - AWSCore (2.34.2)
  - AWSKMS (2.34.2):
    - AWSCore (= 2.34.2)
  - Base58.swift (1.0.2):
    - BigInt
  - BigInt (5.2.0)
  - ConnectCommon (2.0.3):
    - BigInt (~> 5.2.0)
    - ParticleNetworkBase
    - RxAlamofire (~> 6.1.1)
    - secp256k1.swift (~> 0.1)
    - TweetNacl
  - CryptoSwift (1.8.3)
  - Flutter (1.0.0)
  - integration_test (0.0.1):
    - Flutter
  - libwebp (1.3.2):
    - libwebp/demux (= 1.3.2)
    - libwebp/mux (= 1.3.2)
    - libwebp/sharpyuv (= 1.3.2)
    - libwebp/webp (= 1.3.2)
  - libwebp/demux (1.3.2):
    - libwebp/webp
  - libwebp/mux (1.3.2):
    - libwebp/demux
  - libwebp/sharpyuv (1.3.2)
  - libwebp/webp (1.3.2):
    - libwebp/sharpyuv
  - particle_auth_core (0.0.1):
    - AuthCoreAdapter
    - Flutter
    - ParticleAuthCore
    - ParticleMPCCore
    - Thresh
  - particle_base (0.0.1):
    - Flutter
    - ParticleNetworkBase
    - ParticleNetworkChains
  - ParticleAuthCore (2.0.3):
    - AWSKMS (~> 2.34.2)
    - ParticleMPCCore
    - ParticleNetworkBase
    - SDWebImage (~> 5.19.0)
    - SDWebImageWebPCoder
    - SkeletonView
    - SnapKit (~> 5.7.1)
    - SwiftMessages
    - Then
  - ParticleMPCCore (2.0.3):
    - Base58.swift
    - CryptoSwift (~> 1.8.1)
    - Thresh
  - ParticleNetworkBase (2.0.3):
    - Alamofire (~> 5.9.0)
    - Base58.swift
    - BigInt (~> 5.2.0)
    - CryptoSwift (~> 1.8.1)
    - ParticleNetworkChains
    - RxAlamofire (~> 6.1.1)
    - RxCocoa (= 6.6.0)
    - RxSwift (= 6.6.0)
    - SwiftyJSON (~> 5.0.1)
    - SwiftyUserDefaults (~> 5.3.0)
  - ParticleNetworkChains (2.0.3)
  - RxAlamofire (6.1.1):
    - RxAlamofire/Core (= 6.1.1)
  - RxAlamofire/Core (6.1.1):
    - Alamofire (~> 5.4)
    - RxSwift (~> 6.0)
  - RxCocoa (6.6.0):
    - RxRelay (= 6.6.0)
    - RxSwift (= 6.6.0)
  - RxRelay (6.6.0):
    - RxSwift (= 6.6.0)
  - RxSwift (6.6.0)
  - SDWebImage (5.19.7):
    - SDWebImage/Core (= 5.19.7)
  - SDWebImage/Core (5.19.7)
  - SDWebImageWebPCoder (0.14.6):
    - libwebp (~> 1.0)
    - SDWebImage/Core (~> 5.17)
  - secp256k1.swift (0.1.4)
  - SkeletonView (1.30.4)
  - SnapKit (5.7.1)
  - SwiftMessages (10.0.0):
    - SwiftMessages/App (= 10.0.0)
  - SwiftMessages/App (10.0.0)
  - SwiftyJSON (5.0.2)
  - SwiftyUserDefaults (5.3.0)
  - Then (3.0.0)
  - Thresh (2.0.3)
  - TweetNacl (1.0.2)

DEPENDENCIES:
  - AuthCoreAdapter (= 2.0.3)
  - ConnectCommon (= 2.0.3)
  - Flutter (from `Flutter`)
  - integration_test (from `.symlinks/plugins/integration_test/ios`)
  - particle_auth_core (from `.symlinks/plugins/particle_auth_core/ios`)
  - particle_base (from `.symlinks/plugins/particle_base/ios`)
  - ParticleAuthCore (= 2.0.3)
  - ParticleMPCCore (= 2.0.3)
  - ParticleNetworkBase (= 2.0.3)
  - ParticleNetworkChains (= 2.0.3)
  - SkeletonView (from `https://github.com/SunZhiC/SkeletonView.git`, branch `main`)
  - SwiftyUserDefaults (from `https://github.com/SunZhiC/SwiftyUserDefaults.git`, branch `master`)
  - Thresh (= 2.0.3)

SPEC REPOS:
  https://github.com/CocoaPods/Specs.git:
    - Alamofire
    - AuthCoreAdapter
    - AWSCore
    - AWSKMS
    - Base58.swift
    - BigInt
    - ConnectCommon
    - CryptoSwift
    - libwebp
    - ParticleAuthCore
    - ParticleMPCCore
    - ParticleNetworkBase
    - ParticleNetworkChains
    - RxAlamofire
    - RxCocoa
    - RxRelay
    - RxSwift
    - SDWebImage
    - SDWebImageWebPCoder
    - secp256k1.swift
    - SnapKit
    - SwiftMessages
    - SwiftyJSON
    - Then
    - Thresh
    - TweetNacl

EXTERNAL SOURCES:
  Flutter:
    :path: Flutter
  integration_test:
    :path: ".symlinks/plugins/integration_test/ios"
  particle_auth_core:
    :path: ".symlinks/plugins/particle_auth_core/ios"
  particle_base:
    :path: ".symlinks/plugins/particle_base/ios"
  SkeletonView:
    :branch: main
    :git: https://github.com/SunZhiC/SkeletonView.git
  SwiftyUserDefaults:
    :branch: master
    :git: https://github.com/SunZhiC/SwiftyUserDefaults.git

CHECKOUT OPTIONS:
  SkeletonView:
    :commit: 00aebbf16bb1d00fbd2ee85b9200a23432cb88aa
    :git: https://github.com/SunZhiC/SkeletonView.git
  SwiftyUserDefaults:
    :commit: 4b59143af80ebdc7e9811de521afcc33084c3e4e
    :git: https://github.com/SunZhiC/SwiftyUserDefaults.git

SPEC CHECKSUMS:
  Alamofire: f36a35757af4587d8e4f4bfa223ad10be2422b8c
  AuthCoreAdapter: 476feb7b077be7ec8c198e9462f6d1bb3fea92cf
  AWSCore: 13649d9063a6807ec37bde35c8f2da329d63d4e2
  AWSKMS: 311bb0cb71967273de5f4657875b9f2484ec13c2
  Base58.swift: e0e16655f9db843b8cd367593ed6f7d90d136b7f
  BigInt: f668a80089607f521586bbe29513d708491ef2f7
  ConnectCommon: 80364f67ca6c0eb4c954b875d9161e432a0cd9dd
  CryptoSwift: 967f37cea5a3294d9cce358f78861652155be483
  Flutter: f04841e97a9d0b0a8025694d0796dd46242b2854
  integration_test: 13825b8a9334a850581300559b8839134b124670
  libwebp: 1786c9f4ff8a279e4dac1e8f385004d5fc253009
  particle_auth_core: 08525d1c4253c4f49fbb6d1562a45d9187fa3f1b
  particle_base: 3f7728b23f0733ccd5acdafcf41a69af24f8ed02
  ParticleAuthCore: 2b42f8c30686c04dbadac92198f7eba9e99c1252
  ParticleMPCCore: 056e8094477f999f843f016459b6845389e2932b
  ParticleNetworkBase: 774ff74ab785602809147be5398791f64308786d
  ParticleNetworkChains: 98daf734005d70cd0ecf8c2515b7e9d0b26aef00
  RxAlamofire: beb75a1c452d0de225651db4903f5d29d034a620
  RxCocoa: 44a80de90e25b739b5aeaae3c8c371a32e3343cc
  RxRelay: 45eaa5db8ee4fb50e5ebd57deec0159e97fa51e6
  RxSwift: a4b44f7d24599f674deebd1818eab82e58410632
  SDWebImage: 8a6b7b160b4d710e2a22b6900e25301075c34cb3
  SDWebImageWebPCoder: e38c0a70396191361d60c092933e22c20d5b1380
  secp256k1.swift: a7e7a214f6db6ce5db32cc6b2b45e5c4dd633634
  SkeletonView: 735bba714f75a451d998bf6f4aef5bfe9d1c803e
  SnapKit: d612e99e678a2d3b95bf60b0705ed0a35c03484a
  SwiftMessages: d3540f0f981dfbac25bd2ae9a662effa48f76f92
  SwiftyJSON: f5b1bf1cd8dd53cd25887ac0eabcfd92301c6a5a
  SwiftyUserDefaults: dd5dce66fb01565a82c3618b835f0546987eb683
  Then: 844265ae87834bbe1147d91d5d41a404da2ec27d
  Thresh: b74bb67a2d15eb1e9d1c26e469a8bbbf4a6128d0
  TweetNacl: 3abf4d1d2082b0114e7a67410e300892448951e6

PODFILE CHECKSUM: ca0e3a6b68f4be9a44beb5af96241a7fc6244c17

COCOAPODS: 1.15.2
