PODS:
  - Alamofire (5.9.1)
  - AuthCoreAdapter (1.4.2):
    - ConnectCommon
    - ParticleAuthCore
  - AWSCore (2.34.2)
  - AWSKMS (2.34.2):
    - AWSCore (= 2.34.2)
  - Base58.swift (1.0.2):
    - BigInt
  - BigInt (5.2.0)
  - ConnectCommon (0.2.20):
    - BigInt (~> 5.2.0)
    - ParticleNetworkBase
    - RxAlamofire (~> 6.1.1)
    - secp256k1.swift (~> 0.1)
    - TweetNacl
  - CryptoSwift (1.8.2)
  - Flutter (1.0.0)
  - integration_test (0.0.1):
    - Flutter
  - libwebp (1.3.2):
    - libwebp/demux (= 1.3.2)
    - libwebp/mux (= 1.3.2)
    - libwebp/sharpyuv (= 1.3.2)
    - libwebp/webp (= 1.3.2)
  - libwebp/demux (1.3.2):
    - libwebp/webp
  - libwebp/mux (1.3.2):
    - libwebp/demux
  - libwebp/sharpyuv (1.3.2)
  - libwebp/webp (1.3.2):
    - libwebp/sharpyuv
  - particle_auth (0.0.1):
    - Flutter
    - ParticleAuthService
  - particle_auth_core (0.0.1):
    - AuthCoreAdapter
    - Flutter
    - ParticleAuthCore
    - ParticleMPCCore
    - Thresh
  - ParticleAuthCore (1.4.2):
    - AWSKMS (~> 2.34.2)
    - ParticleMPCCore
    - ParticleNetworkBase
    - SDWebImage (~> 5.19.0)
    - SDWebImageWebPCoder
    - SkeletonView
    - SnapKit (~> 5.7.1)
    - SwiftMessages
    - Then
  - ParticleAuthService (1.4.2):
    - ParticleNetworkBase
  - ParticleMPCCore (1.4.2):
    - Base58.swift
    - CryptoSwift (~> 1.8.1)
    - Thresh
  - ParticleNetworkBase (1.4.2):
    - Alamofire (~> 5.9.0)
    - Base58.swift
    - BigInt (~> 5.2.0)
    - CryptoSwift (~> 1.8.1)
    - RxAlamofire (~> 6.1.1)
    - RxCocoa (= 6.6.0)
    - RxSwift (= 6.6.0)
    - SwiftyJSON (~> 5.0.1)
    - SwiftyUserDefaults (~> 5.3.0)
  - RxAlamofire (6.1.1):
    - RxAlamofire/Core (= 6.1.1)
  - RxAlamofire/Core (6.1.1):
    - Alamofire (~> 5.4)
    - RxSwift (~> 6.0)
  - RxCocoa (6.6.0):
    - RxRelay (= 6.6.0)
    - RxSwift (= 6.6.0)
  - RxRelay (6.6.0):
    - RxSwift (= 6.6.0)
  - RxSwift (6.6.0)
  - SDWebImage (5.19.2):
    - SDWebImage/Core (= 5.19.2)
  - SDWebImage/Core (5.19.2)
  - SDWebImageWebPCoder (0.14.6):
    - libwebp (~> 1.0)
    - SDWebImage/Core (~> 5.17)
  - secp256k1.swift (0.1.4)
  - SkeletonView (1.30.4)
  - SnapKit (5.7.1)
  - SwiftMessages (10.0.0):
    - SwiftMessages/App (= 10.0.0)
  - SwiftMessages/App (10.0.0)
  - SwiftyJSON (5.0.2)
  - SwiftyUserDefaults (5.3.0)
  - Then (3.0.0)
  - Thresh (1.4.2)
  - TweetNacl (1.0.2)

DEPENDENCIES:
  - AuthCoreAdapter (= 1.4.2)
  - ConnectCommon (= 0.2.20)
  - Flutter (from `Flutter`)
  - integration_test (from `.symlinks/plugins/integration_test/ios`)
  - particle_auth (from `.symlinks/plugins/particle_auth/ios`)
  - particle_auth_core (from `.symlinks/plugins/particle_auth_core/ios`)
  - ParticleAuthCore (= 1.4.2)
  - ParticleAuthService (= 1.4.2)
  - ParticleMPCCore (= 1.4.2)
  - ParticleNetworkBase (= 1.4.2)
  - SkeletonView (from `https://github.com/SunZhiC/SkeletonView.git`, branch `main`)
  - SwiftyUserDefaults (from `https://github.com/SunZhiC/SwiftyUserDefaults.git`, branch `master`)
  - Thresh (= 1.4.2)

SPEC REPOS:
  https://github.com/CocoaPods/Specs.git:
    - Alamofire
    - AuthCoreAdapter
    - AWSCore
    - AWSKMS
    - Base58.swift
    - BigInt
    - ConnectCommon
    - CryptoSwift
    - libwebp
    - ParticleAuthCore
    - ParticleAuthService
    - ParticleMPCCore
    - ParticleNetworkBase
    - RxAlamofire
    - RxCocoa
    - RxRelay
    - RxSwift
    - SDWebImage
    - SDWebImageWebPCoder
    - secp256k1.swift
    - SnapKit
    - SwiftMessages
    - SwiftyJSON
    - Then
    - Thresh
    - TweetNacl

EXTERNAL SOURCES:
  Flutter:
    :path: Flutter
  integration_test:
    :path: ".symlinks/plugins/integration_test/ios"
  particle_auth:
    :path: ".symlinks/plugins/particle_auth/ios"
  particle_auth_core:
    :path: ".symlinks/plugins/particle_auth_core/ios"
  SkeletonView:
    :branch: main
    :git: https://github.com/SunZhiC/SkeletonView.git
  SwiftyUserDefaults:
    :branch: master
    :git: https://github.com/SunZhiC/SwiftyUserDefaults.git

CHECKOUT OPTIONS:
  SkeletonView:
    :commit: 00aebbf16bb1d00fbd2ee85b9200a23432cb88aa
    :git: https://github.com/SunZhiC/SkeletonView.git
  SwiftyUserDefaults:
    :commit: 4b59143af80ebdc7e9811de521afcc33084c3e4e
    :git: https://github.com/SunZhiC/SwiftyUserDefaults.git

SPEC CHECKSUMS:
  Alamofire: f36a35757af4587d8e4f4bfa223ad10be2422b8c
  AuthCoreAdapter: e98183314c7fa17c6a6276ee712437f131dce9c8
  AWSCore: 13649d9063a6807ec37bde35c8f2da329d63d4e2
  AWSKMS: 311bb0cb71967273de5f4657875b9f2484ec13c2
  Base58.swift: e0e16655f9db843b8cd367593ed6f7d90d136b7f
  BigInt: f668a80089607f521586bbe29513d708491ef2f7
  ConnectCommon: 7d8e5c69dea469c82eae10e933c1f57371a3a317
  CryptoSwift: c63a805d8bb5e5538e88af4e44bb537776af11ea
  Flutter: f04841e97a9d0b0a8025694d0796dd46242b2854
  integration_test: 13825b8a9334a850581300559b8839134b124670
  libwebp: 1786c9f4ff8a279e4dac1e8f385004d5fc253009
  particle_auth: f63e17b5dc9b5f7b3ad4d5c13fbfc03d3739b3ab
  particle_auth_core: 08525d1c4253c4f49fbb6d1562a45d9187fa3f1b
  ParticleAuthCore: 9ba807428709d53096cf05ff7110c872fade8ef8
  ParticleAuthService: a809d86e06d07754e41a1a17bdaf60f335fc606a
  ParticleMPCCore: dc3f7dbac26427aeb647c5e6e98ce9e9ff5fe89d
  ParticleNetworkBase: e0f8a57d3d0381476a3ba0be60ecf3c2f5d425a0
  RxAlamofire: beb75a1c452d0de225651db4903f5d29d034a620
  RxCocoa: 44a80de90e25b739b5aeaae3c8c371a32e3343cc
  RxRelay: 45eaa5db8ee4fb50e5ebd57deec0159e97fa51e6
  RxSwift: a4b44f7d24599f674deebd1818eab82e58410632
  SDWebImage: dfe95b2466a9823cf9f0c6d01217c06550d7b29a
  SDWebImageWebPCoder: e38c0a70396191361d60c092933e22c20d5b1380
  secp256k1.swift: a7e7a214f6db6ce5db32cc6b2b45e5c4dd633634
  SkeletonView: 735bba714f75a451d998bf6f4aef5bfe9d1c803e
  SnapKit: d612e99e678a2d3b95bf60b0705ed0a35c03484a
  SwiftMessages: d3540f0f981dfbac25bd2ae9a662effa48f76f92
  SwiftyJSON: f5b1bf1cd8dd53cd25887ac0eabcfd92301c6a5a
  SwiftyUserDefaults: dd5dce66fb01565a82c3618b835f0546987eb683
  Then: 844265ae87834bbe1147d91d5d41a404da2ec27d
  Thresh: 5d1cf0baa76dee9e6dd253fcbc2230ecd80ac9ec
  TweetNacl: 3abf4d1d2082b0114e7a67410e300892448951e6

PODFILE CHECKSUM: 0cd4e4a2f8555dee085f58f2c67a68b16da2e52d

COCOAPODS: 1.15.2
