PODS:
  - Alamofire (5.7.1)
  - BigInt (5.2.0)
  - ConnectCommon (0.2.4):
    - BigInt (~> 5.2.0)
    - ParticleNetworkBase
    - RxAlamofire (~> 6.1.1)
    - secp256k1.swift (~> 0.1)
    - SwiftyJSON (~> 5.0)
    - TweetNacl
  - ConnectEVMAdapter (0.2.4):
    - BigInt (~> 5.2.0)
    - ConnectCommon
    - CryptoSwift
    - GenericJSON (~> 2.0)
    - RxAlamofire (~> 6.1.1)
    - SwiftyUserDefaults (~> 5.3.0)
  - ConnectPhantomAdapter (0.2.4):
    - ConnectCommon
    - RxAlamofire (~> 6.1.1)
    - SwiftyJSON (~> 5.0)
    - SwiftyUserDefaults (~> 5.3.0)
    - TweetNacl
  - ConnectSolanaAdapter (0.2.4):
    - ConnectCommon
    - RxAlamofire (~> 6.1.1)
    - secp256k1.swift (~> 0.1)
    - SwiftyUserDefaults (~> 5.3.0)
    - TweetNacl
  - ConnectWalletConnectAdapter (0.2.4):
    - ConnectCommon
    - metamask-ios-sdk (= 0.2.0)
    - RxAlamofire (~> 6.1.1)
    - RxCocoa (= 6.5.0)
    - RxSwift (= 6.5.0)
    - SnapKit
    - Starscream (= 4.0.4)
    - SwiftMessages
    - SwiftyJSON (~> 5.0)
    - SwiftyUserDefaults (~> 5.3.0)
    - WalletConnectSwiftV2
  - CryptoSwift (1.7.1)
  - Flutter (1.0.0)
  - GenericJSON (2.0.2)
  - metamask-ios-sdk (0.2.0):
    - Socket.IO-Client-Swift (~> 16.0.1)
  - particle_auth (0.0.1):
    - Flutter
    - ParticleAuthService
  - particle_connect (0.0.1):
    - ConnectCommon
    - ConnectEVMAdapter
    - ConnectPhantomAdapter
    - ConnectSolanaAdapter
    - ConnectWalletConnectAdapter
    - Flutter
    - ParticleConnect
  - ParticleAuthService (0.14.5):
    - CryptoSwift
    - ParticleNetworkBase
    - RxAlamofire (~> 6.1.1)
    - RxCocoa (= 6.5.0)
    - RxSwift (= 6.5.0)
    - SwiftyJSON (~> 5.0)
    - SwiftyUserDefaults (~> 5.3.0)
  - ParticleConnect (0.2.4):
    - ConnectCommon
    - ParticleAuthService
  - ParticleNetworkBase (0.14.5):
    - BigInt (~> 5.2.0)
    - CryptoSwift
    - RxAlamofire (~> 6.1.1)
    - RxCocoa (= 6.5.0)
    - RxSwift (= 6.5.0)
    - SwiftyJSON (~> 5.0)
    - SwiftyUserDefaults (~> 5.3.0)
  - RxAlamofire (6.1.1):
    - RxAlamofire/Core (= 6.1.1)
  - RxAlamofire/Core (6.1.1):
    - Alamofire (~> 5.4)
    - RxSwift (~> 6.0)
  - RxCocoa (6.5.0):
    - RxRelay (= 6.5.0)
    - RxSwift (= 6.5.0)
  - RxRelay (6.5.0):
    - RxSwift (= 6.5.0)
  - RxSwift (6.5.0)
  - secp256k1.swift (0.1.4)
  - SnapKit (5.6.0)
  - Socket.IO-Client-Swift (16.0.1):
    - Starscream (~> 4.0)
  - Starscream (4.0.4)
  - SwiftMessages (9.0.6):
    - SwiftMessages/App (= 9.0.6)
  - SwiftMessages/App (9.0.6)
  - SwiftyJSON (5.0.1)
  - SwiftyUserDefaults (5.3.0)
  - TweetNacl (1.0.2)
  - WalletConnectSwiftV2 (1.6.10):
    - WalletConnectSwiftV2/WalletConnect (= 1.6.10)
  - WalletConnectSwiftV2/Commons (1.6.10)
  - WalletConnectSwiftV2/HTTPClient (1.6.10)
  - WalletConnectSwiftV2/JSONRPC (1.6.10):
    - WalletConnectSwiftV2/Commons
  - WalletConnectSwiftV2/WalletConnect (1.6.10):
    - WalletConnectSwiftV2/WalletConnectPairing
    - WalletConnectSwiftV2/WalletConnectVerify
  - WalletConnectSwiftV2/WalletConnectJWT (1.6.10):
    - WalletConnectSwiftV2/WalletConnectKMS
  - WalletConnectSwiftV2/WalletConnectKMS (1.6.10):
    - WalletConnectSwiftV2/WalletConnectUtils
  - WalletConnectSwiftV2/WalletConnectNetworking (1.6.10):
    - WalletConnectSwiftV2/HTTPClient
    - WalletConnectSwiftV2/WalletConnectRelay
  - WalletConnectSwiftV2/WalletConnectPairing (1.6.10):
    - WalletConnectSwiftV2/WalletConnectNetworking
  - WalletConnectSwiftV2/WalletConnectRelay (1.6.10):
    - WalletConnectSwiftV2/WalletConnectJWT
  - WalletConnectSwiftV2/WalletConnectUtils (1.6.10):
    - WalletConnectSwiftV2/JSONRPC
  - WalletConnectSwiftV2/WalletConnectVerify (1.6.10):
    - WalletConnectSwiftV2/WalletConnectNetworking
    - WalletConnectSwiftV2/WalletConnectUtils

DEPENDENCIES:
  - ConnectCommon (= 0.2.4)
  - ConnectEVMAdapter (= 0.2.4)
  - ConnectPhantomAdapter (= 0.2.4)
  - ConnectSolanaAdapter (= 0.2.4)
  - ConnectWalletConnectAdapter (= 0.2.4)
  - Flutter (from `Flutter`)
  - particle_auth (from `.symlinks/plugins/particle_auth/ios`)
  - particle_connect (from `.symlinks/plugins/particle_connect/ios`)
  - ParticleAuthService (= 0.14.5)
  - ParticleConnect (= 0.2.4)
  - ParticleNetworkBase (= 0.14.5)
  - WalletConnectSwiftV2 (= 1.6.10)

SPEC REPOS:
  https://github.com/CocoaPods/Specs.git:
    - Alamofire
    - BigInt
    - ConnectCommon
    - ConnectEVMAdapter
    - ConnectPhantomAdapter
    - ConnectSolanaAdapter
    - ConnectWalletConnectAdapter
    - CryptoSwift
    - GenericJSON
    - metamask-ios-sdk
    - ParticleAuthService
    - ParticleConnect
    - ParticleNetworkBase
    - RxAlamofire
    - RxCocoa
    - RxRelay
    - RxSwift
    - secp256k1.swift
    - SnapKit
    - Socket.IO-Client-Swift
    - Starscream
    - SwiftMessages
    - SwiftyJSON
    - SwiftyUserDefaults
    - TweetNacl
    - WalletConnectSwiftV2

EXTERNAL SOURCES:
  Flutter:
    :path: Flutter
  particle_auth:
    :path: ".symlinks/plugins/particle_auth/ios"
  particle_connect:
    :path: ".symlinks/plugins/particle_connect/ios"

SPEC CHECKSUMS:
  Alamofire: 0123a34370cb170936ae79a8df46cc62b2edeb88
  BigInt: f668a80089607f521586bbe29513d708491ef2f7
  ConnectCommon: e7cadbd7fff5d2599f6eb4c65e116a66c2c73da0
  ConnectEVMAdapter: 190855ee72fabd1034546c8b1f6da27ca1408637
  ConnectPhantomAdapter: e4e9fdb79ac5f0507531f9d64212200a472f5a8d
  ConnectSolanaAdapter: 516277ff833d8a70fe2a52fc865eaddae9f23548
  ConnectWalletConnectAdapter: 2d1e6bb1fe17e3d78f6d1c38b7a003a2ca465d0b
  CryptoSwift: d3d18dc357932f7e6d580689e065cf1f176007c1
  Flutter: f04841e97a9d0b0a8025694d0796dd46242b2854
  GenericJSON: 79a840eeb77030962e8cf02a62d36bd413b67626
  metamask-ios-sdk: 3c7b575d49b947cdf03ca1c766a9dec9f2c50b90
  particle_auth: 7df9934788402bd80156fa5f56422d941af0745c
  particle_connect: cdc538adcd1376911b0a4627701e35f2b76efd57
  ParticleAuthService: 76ec631dec6a5d49afee99009aac1b77c966403e
  ParticleConnect: ac06a0d65e242ea340c4a464edf3a4b2212baca2
  ParticleNetworkBase: 20b2deb9b7639055e066d7cc9abb81a408eea744
  RxAlamofire: beb75a1c452d0de225651db4903f5d29d034a620
  RxCocoa: 94f817b71c07517321eb4f9ad299112ca8af743b
  RxRelay: 1de1523e604c72b6c68feadedd1af3b1b4d0ecbd
  RxSwift: 5710a9e6b17f3c3d6e40d6e559b9fa1e813b2ef8
  secp256k1.swift: a7e7a214f6db6ce5db32cc6b2b45e5c4dd633634
  SnapKit: e01d52ebb8ddbc333eefe2132acf85c8227d9c25
  Socket.IO-Client-Swift: c116d6dc9fd6be9c259bacfe143f8725bce7d79e
  Starscream: 5178aed56b316f13fa3bc55694e583d35dd414d9
  SwiftMessages: f0c7ef4705a570ad6c5e208b611f4333e660ed92
  SwiftyJSON: 2f33a42c6fbc52764d96f13368585094bfd8aa5e
  SwiftyUserDefaults: 63f80248cf5bfb3458825d9a78f2eb7e1293a040
  TweetNacl: 3abf4d1d2082b0114e7a67410e300892448951e6
  WalletConnectSwiftV2: 2dbca2dd7bdc3c95b4029d0b63576e40d2787589

PODFILE CHECKSUM: 89aed1fdeb96d40d36256e3d9b61fff98c594225

COCOAPODS: 1.12.0
