PODS:
  - Alamofire (5.6.4)
  - BigInt (5.2.0)
  - ConnectCommon (0.1.47):
    - BigInt (~> 5.2.0)
    - ParticleNetworkBase
    - RxAlamofire (~> 6.1.1)
    - secp256k1.swift (~> 0.1)
    - SwiftyJSON (~> 5.0)
    - TweetNacl
  - ConnectEVMAdapter (0.1.47):
    - BigInt (~> 5.2.0)
    - ConnectCommon
    - CryptoSwift
    - GenericJSON (~> 2.0)
    - RxAlamofire (~> 6.1.1)
    - SwiftyUserDefaults (~> 5.3.0)
  - ConnectPhantomAdapter (0.1.47):
    - ConnectCommon
    - RxAlamofire (~> 6.1.1)
    - SwiftyJSON (~> 5.0)
    - SwiftyUserDefaults (~> 5.3.0)
    - TweetNacl
  - ConnectSolanaAdapter (0.1.47):
    - ConnectCommon
    - RxAlamofire (~> 6.1.1)
    - secp256k1.swift (~> 0.1)
    - SwiftyUserDefaults (~> 5.3.0)
    - TweetNacl
  - ConnectWalletConnectAdapter (0.1.47):
    - ConnectCommon
    - RxAlamofire (~> 6.1.1)
    - RxCocoa (= 6.5.0)
    - RxSwift (= 6.5.0)
    - SnapKit
    - SwiftMessages
    - SwiftyJSON (~> 5.0)
    - SwiftyUserDefaults (~> 5.3.0)
    - WalletConnectSwift
  - CryptoSwift (1.6.0)
  - Flutter (1.0.0)
  - GenericJSON (2.0.2)
  - particle_connect (0.0.1):
    - ConnectCommon
    - ConnectEVMAdapter
    - ConnectPhantomAdapter
    - ConnectSolanaAdapter
    - ConnectWalletConnectAdapter
    - Flutter
    - ParticleConnect
  - ParticleAuthService (0.10.3):
    - CryptoSwift
    - ParticleNetworkBase
    - RxAlamofire (~> 6.1.1)
    - RxCocoa (= 6.5.0)
    - RxSwift (= 6.5.0)
    - SwiftyJSON (~> 5.0)
    - SwiftyUserDefaults (~> 5.3.0)
  - ParticleConnect (0.1.47):
    - ConnectCommon
    - ParticleAuthService
  - ParticleNetworkBase (0.10.3):
    - BigInt (~> 5.2.0)
    - CryptoSwift
  - RxAlamofire (6.1.1):
    - RxAlamofire/Core (= 6.1.1)
  - RxAlamofire/Core (6.1.1):
    - Alamofire (~> 5.4)
    - RxSwift (~> 6.0)
  - RxCocoa (6.5.0):
    - RxRelay (= 6.5.0)
    - RxSwift (= 6.5.0)
  - RxRelay (6.5.0):
    - RxSwift (= 6.5.0)
  - RxSwift (6.5.0)
  - secp256k1.swift (0.1.4)
  - SnapKit (5.6.0)
  - SwiftMessages (9.0.6):
    - SwiftMessages/App (= 9.0.6)
  - SwiftMessages/App (9.0.6)
  - SwiftyJSON (5.0.1)
  - SwiftyUserDefaults (5.3.0)
  - TweetNacl (1.0.2)
  - WalletConnectSwift (1.7.0):
    - CryptoSwift (~> 1.5)

DEPENDENCIES:
  - ConnectCommon (= 0.1.47)
  - ConnectEVMAdapter (= 0.1.47)
  - ConnectPhantomAdapter (= 0.1.47)
  - ConnectSolanaAdapter (= 0.1.47)
  - ConnectWalletConnectAdapter (= 0.1.47)
  - Flutter (from `Flutter`)
  - particle_connect (from `.symlinks/plugins/particle_connect/ios`)
  - ParticleAuthService (= 0.10.3)
  - ParticleConnect (= 0.1.47)
  - ParticleNetworkBase (= 0.10.3)
  - WalletConnectSwift (from `https://github.com/SunZhiC/WalletConnectSwift`, branch `master`)

SPEC REPOS:
  trunk:
    - Alamofire
    - BigInt
    - ConnectCommon
    - ConnectEVMAdapter
    - ConnectPhantomAdapter
    - ConnectSolanaAdapter
    - ConnectWalletConnectAdapter
    - CryptoSwift
    - GenericJSON
    - ParticleAuthService
    - ParticleConnect
    - ParticleNetworkBase
    - RxAlamofire
    - RxCocoa
    - RxRelay
    - RxSwift
    - secp256k1.swift
    - SnapKit
    - SwiftMessages
    - SwiftyJSON
    - SwiftyUserDefaults
    - TweetNacl

EXTERNAL SOURCES:
  Flutter:
    :path: Flutter
  particle_connect:
    :path: ".symlinks/plugins/particle_connect/ios"
  WalletConnectSwift:
    :branch: master
    :git: https://github.com/SunZhiC/WalletConnectSwift

CHECKOUT OPTIONS:
  WalletConnectSwift:
    :commit: fa43b956320911e2ee7c5268e100c452382d7f4b
    :git: https://github.com/SunZhiC/WalletConnectSwift

SPEC CHECKSUMS:
  Alamofire: 4e95d97098eacb88856099c4fc79b526a299e48c
  BigInt: f668a80089607f521586bbe29513d708491ef2f7
  ConnectCommon: 29f88ddd795f2d24e0d935983da5f46081a5622d
  ConnectEVMAdapter: 0897a60f719306887a4154b56cf127103787a537
  ConnectPhantomAdapter: 507ed74d5584bd3c94053ec7fb5ceceb95196393
  ConnectSolanaAdapter: ef5b5ee00afad10f0e3f5d3df0db9af7fb9bdd52
  ConnectWalletConnectAdapter: 86dd23ef93a9553b500a887c1bd208599e21c377
  CryptoSwift: 562f8eceb40e80796fffc668b0cad9313284cfa6
  Flutter: f04841e97a9d0b0a8025694d0796dd46242b2854
  GenericJSON: 79a840eeb77030962e8cf02a62d36bd413b67626
  particle_connect: b26527054dcf5312694b8ddbb018300116fdd089
  ParticleAuthService: 0970cbe89cd3170aeb2d534bc34688ea99538b30
  ParticleConnect: 738901222451ae898701f44cb7fb50caae0c16b2
  ParticleNetworkBase: f42f5a7bad3afb7c127bbdef53f5c6d910b5d793
  RxAlamofire: beb75a1c452d0de225651db4903f5d29d034a620
  RxCocoa: 94f817b71c07517321eb4f9ad299112ca8af743b
  RxRelay: 1de1523e604c72b6c68feadedd1af3b1b4d0ecbd
  RxSwift: 5710a9e6b17f3c3d6e40d6e559b9fa1e813b2ef8
  secp256k1.swift: a7e7a214f6db6ce5db32cc6b2b45e5c4dd633634
  SnapKit: e01d52ebb8ddbc333eefe2132acf85c8227d9c25
  SwiftMessages: f0c7ef4705a570ad6c5e208b611f4333e660ed92
  SwiftyJSON: 2f33a42c6fbc52764d96f13368585094bfd8aa5e
  SwiftyUserDefaults: 63f80248cf5bfb3458825d9a78f2eb7e1293a040
  TweetNacl: 3abf4d1d2082b0114e7a67410e300892448951e6
  WalletConnectSwift: 6309bf3011b0b30e3e9d1e7449535302a9240f71

PODFILE CHECKSUM: 3887f6ddb9965207ace7065acfd7bd05c28b5aeb

COCOAPODS: 1.11.3
