PODS:
  - Alamofire (5.7.1)
  - Base58.swift (1.0.2):
    - BigInt
  - BigInt (5.2.0)
  - ConnectCommon (0.2.9):
    - BigInt (~> 5.2.0)
    - ParticleNetworkBase
    - RxAlamofire (~> 6.1.1)
    - secp256k1.swift (~> 0.1)
    - SwiftyJSON (~> 5.0)
    - TweetNacl
  - ConnectEVMAdapter (0.2.9):
    - BigInt (~> 5.2.0)
    - ConnectCommon
    - CryptoSwift
    - RxAlamofire (~> 6.1.1)
    - SwiftyUserDefaults (~> 5.3.0)
  - ConnectPhantomAdapter (0.2.9):
    - ConnectCommon
    - RxAlamofire (~> 6.1.1)
    - SwiftyJSON (~> 5.0)
    - SwiftyUserDefaults (~> 5.3.0)
    - TweetNacl
  - ConnectSolanaAdapter (0.2.9):
    - ConnectCommon
    - RxAlamofire (~> 6.1.1)
    - secp256k1.swift (~> 0.1)
    - SwiftyUserDefaults (~> 5.3.0)
    - TweetNacl
  - ConnectWalletConnectAdapter (0.2.9):
    - ConnectCommon
    - metamask-ios-sdk (= 0.2.0)
    - RxAlamofire (~> 6.1.1)
    - RxCocoa (= 6.5.0)
    - RxSwift (= 6.5.0)
    - SnapKit
    - Starscream (= 4.0.4)
    - SwiftMessages
    - SwiftyJSON (~> 5.0)
    - SwiftyUserDefaults (~> 5.3.0)
    - WalletConnectSwiftV2 (= 1.6.14)
  - CryptoSwift (1.7.1)
  - Flutter (1.0.0)
  - GLTFSceneKit (0.3.0)
  - GRDB.swift (6.16.0):
    - GRDB.swift/standard (= 6.16.0)
  - GRDB.swift/standard (6.16.0)
  - JXPagingView/Paging (2.1.2)
  - JXSegmentedView (1.3.0)
  - libwebp (1.3.1):
    - libwebp/demux (= 1.3.1)
    - libwebp/mux (= 1.3.1)
    - libwebp/sharpyuv (= 1.3.1)
    - libwebp/webp (= 1.3.1)
  - libwebp/demux (1.3.1):
    - libwebp/webp
  - libwebp/mux (1.3.1):
    - libwebp/demux
  - libwebp/sharpyuv (1.3.1)
  - libwebp/webp (1.3.1):
    - libwebp/sharpyuv
  - metamask-ios-sdk (0.2.0):
    - Socket.IO-Client-Swift (~> 16.0.1)
  - MJRefresh (3.7.5)
  - particle_auth (0.0.1):
    - Flutter
    - ParticleAuthService
  - particle_connect (0.0.1):
    - ConnectCommon
    - ConnectEVMAdapter
    - ConnectPhantomAdapter
    - ConnectSolanaAdapter
    - ConnectWalletConnectAdapter
    - Flutter
    - ParticleAuthAdapter
    - ParticleConnect
  - particle_wallet (0.0.1):
    - Flutter
    - ParticleWalletGUI
  - ParticleAuthAdapter (0.2.9):
    - ConnectCommon
    - ParticleAuthService
  - ParticleAuthService (1.0.6):
    - CryptoSwift
    - ParticleNetworkBase
    - RxAlamofire (~> 6.1.1)
    - RxCocoa (= 6.5.0)
    - RxSwift (= 6.5.0)
    - SwiftyJSON (~> 5.0)
    - SwiftyUserDefaults (~> 5.3.0)
  - ParticleBiconomy (1.0.6):
    - ParticleNetworkBase
  - ParticleConnect (0.2.9):
    - ConnectCommon
  - ParticleNetworkBase (1.0.6):
    - Base58.swift
    - BigInt (~> 5.2.0)
    - CryptoSwift
    - RxAlamofire (~> 6.1.1)
    - RxCocoa (= 6.5.0)
    - RxSwift (= 6.5.0)
    - SwiftyJSON (~> 5.0)
    - SwiftyUserDefaults (~> 5.3.0)
  - ParticleWalletAPI (1.0.6):
    - CryptoSwift
    - GRDB.swift (= 6.16.0)
    - ParticleNetworkBase
    - RxAlamofire (~> 6.1.1)
    - RxCocoa (= 6.5.0)
    - RxSwift (= 6.5.0)
    - SwiftyJSON (~> 5.0)
    - SwiftyUserDefaults (~> 5.3.0)
  - ParticleWalletConnect (1.0.6):
    - ParticleNetworkBase
    - RxAlamofire (~> 6.1.1)
    - RxCocoa (= 6.5.0)
    - RxSwift (= 6.5.0)
    - Starscream (= 4.0.4)
    - SwiftyUserDefaults (~> 5.3.0)
    - WalletConnectSwiftV2 (= 1.6.14)
  - ParticleWalletGUI (1.0.6):
    - ConnectEVMAdapter
    - ConnectPhantomAdapter
    - ConnectSolanaAdapter
    - ConnectWalletConnectAdapter
    - GLTFSceneKit
    - JXPagingView/Paging
    - JXSegmentedView
    - MJRefresh (~> 3.7.0)
    - ParticleConnect
    - ParticleWalletAPI
    - ParticleWalletConnect
    - SDWebImage
    - SDWebImageWebPCoder
    - SkeletonView
    - SnapKit
    - SwiftMessages
    - Then
  - RxAlamofire (6.1.1):
    - RxAlamofire/Core (= 6.1.1)
  - RxAlamofire/Core (6.1.1):
    - Alamofire (~> 5.4)
    - RxSwift (~> 6.0)
  - RxCocoa (6.5.0):
    - RxRelay (= 6.5.0)
    - RxSwift (= 6.5.0)
  - RxRelay (6.5.0):
    - RxSwift (= 6.5.0)
  - RxSwift (6.5.0)
  - SDWebImage (5.17.0):
    - SDWebImage/Core (= 5.17.0)
  - SDWebImage/Core (5.17.0)
  - SDWebImageWebPCoder (0.13.0):
    - libwebp (~> 1.0)
    - SDWebImage/Core (~> 5.17)
  - secp256k1.swift (0.1.4)
  - SkeletonView (1.30.4)
  - SnapKit (5.6.0)
  - Socket.IO-Client-Swift (16.0.1):
    - Starscream (~> 4.0)
  - Starscream (4.0.4)
  - SwiftMessages (9.0.6):
    - SwiftMessages/App (= 9.0.6)
  - SwiftMessages/App (9.0.6)
  - SwiftyJSON (5.0.1)
  - SwiftyUserDefaults (5.3.0)
  - Then (3.0.0)
  - TweetNacl (1.0.2)
  - WalletConnectSwiftV2 (1.6.14):
    - WalletConnectSwiftV2/WalletConnect (= 1.6.14)
  - WalletConnectSwiftV2/Commons (1.6.14)
  - WalletConnectSwiftV2/HTTPClient (1.6.14)
  - WalletConnectSwiftV2/JSONRPC (1.6.14):
    - WalletConnectSwiftV2/Commons
  - WalletConnectSwiftV2/WalletConnect (1.6.14):
    - WalletConnectSwiftV2/WalletConnectAuth
    - WalletConnectSwiftV2/WalletConnectEcho
    - WalletConnectSwiftV2/WalletConnectSign
    - WalletConnectSwiftV2/WalletConnectVerify
  - WalletConnectSwiftV2/WalletConnectAuth (1.6.14):
    - WalletConnectSwiftV2/WalletConnectPairing
    - WalletConnectSwiftV2/WalletConnectSigner
    - WalletConnectSwiftV2/WalletConnectVerify
  - WalletConnectSwiftV2/WalletConnectEcho (1.6.14):
    - WalletConnectSwiftV2/WalletConnectJWT
    - WalletConnectSwiftV2/WalletConnectNetworking
  - WalletConnectSwiftV2/WalletConnectJWT (1.6.14):
    - WalletConnectSwiftV2/WalletConnectKMS
  - WalletConnectSwiftV2/WalletConnectKMS (1.6.14):
    - WalletConnectSwiftV2/WalletConnectUtils
  - WalletConnectSwiftV2/WalletConnectNetworking (1.6.14):
    - WalletConnectSwiftV2/HTTPClient
    - WalletConnectSwiftV2/WalletConnectRelay
  - WalletConnectSwiftV2/WalletConnectPairing (1.6.14):
    - WalletConnectSwiftV2/WalletConnectNetworking
  - WalletConnectSwiftV2/WalletConnectRelay (1.6.14):
    - WalletConnectSwiftV2/WalletConnectJWT
  - WalletConnectSwiftV2/WalletConnectSign (1.6.14):
    - WalletConnectSwiftV2/WalletConnectPairing
    - WalletConnectSwiftV2/WalletConnectVerify
  - WalletConnectSwiftV2/WalletConnectSigner (1.6.14):
    - WalletConnectSwiftV2/WalletConnectNetworking
  - WalletConnectSwiftV2/WalletConnectUtils (1.6.14):
    - WalletConnectSwiftV2/JSONRPC
  - WalletConnectSwiftV2/WalletConnectVerify (1.6.14):
    - WalletConnectSwiftV2/WalletConnectNetworking
    - WalletConnectSwiftV2/WalletConnectUtils

DEPENDENCIES:
  - ConnectCommon (= 0.2.9)
  - ConnectEVMAdapter (= 0.2.9)
  - ConnectPhantomAdapter (= 0.2.9)
  - ConnectSolanaAdapter (= 0.2.9)
  - ConnectWalletConnectAdapter (= 0.2.9)
  - Flutter (from `Flutter`)
  - particle_auth (from `.symlinks/plugins/particle_auth/ios`)
  - particle_connect (from `.symlinks/plugins/particle_connect/ios`)
  - particle_wallet (from `.symlinks/plugins/particle_wallet/ios`)
  - ParticleAuthAdapter (= 0.2.9)
  - ParticleAuthService (= 1.0.6)
  - ParticleBiconomy (= 1.0.6)
  - ParticleConnect (= 0.2.9)
  - ParticleNetworkBase (= 1.0.6)
  - ParticleWalletAPI (= 1.0.6)
  - ParticleWalletConnect (= 1.0.6)
  - ParticleWalletGUI (= 1.0.6)
  - SkeletonView (from `https://github.com/SunZhiC/SkeletonView.git`, branch `main`)
  - SwiftMessages (from `https://github.com/SunZhiC/SwiftMessages`, branch `master`)

SPEC REPOS:
  https://github.com/CocoaPods/Specs.git:
    - Alamofire
    - Base58.swift
    - BigInt
    - ConnectCommon
    - ConnectEVMAdapter
    - ConnectPhantomAdapter
    - ConnectSolanaAdapter
    - ConnectWalletConnectAdapter
    - CryptoSwift
    - GLTFSceneKit
    - GRDB.swift
    - JXPagingView
    - JXSegmentedView
    - libwebp
    - metamask-ios-sdk
    - MJRefresh
    - ParticleAuthAdapter
    - ParticleAuthService
    - ParticleBiconomy
    - ParticleConnect
    - ParticleNetworkBase
    - ParticleWalletAPI
    - ParticleWalletConnect
    - ParticleWalletGUI
    - RxAlamofire
    - RxCocoa
    - RxRelay
    - RxSwift
    - SDWebImage
    - SDWebImageWebPCoder
    - secp256k1.swift
    - SnapKit
    - Socket.IO-Client-Swift
    - Starscream
    - SwiftyJSON
    - SwiftyUserDefaults
    - Then
    - TweetNacl
    - WalletConnectSwiftV2

EXTERNAL SOURCES:
  Flutter:
    :path: Flutter
  particle_auth:
    :path: ".symlinks/plugins/particle_auth/ios"
  particle_connect:
    :path: ".symlinks/plugins/particle_connect/ios"
  particle_wallet:
    :path: ".symlinks/plugins/particle_wallet/ios"
  SkeletonView:
    :branch: main
    :git: https://github.com/SunZhiC/SkeletonView.git
  SwiftMessages:
    :branch: master
    :git: https://github.com/SunZhiC/SwiftMessages

CHECKOUT OPTIONS:
  SkeletonView:
    :commit: 09431e290ea7f3f81cbb69ce979c7d8a02a4af99
    :git: https://github.com/SunZhiC/SkeletonView.git
  SwiftMessages:
    :commit: 593f38852213945c5b7ddaca1a7f464cb8478f5a
    :git: https://github.com/SunZhiC/SwiftMessages

SPEC CHECKSUMS:
  Alamofire: 0123a34370cb170936ae79a8df46cc62b2edeb88
  Base58.swift: e0e16655f9db843b8cd367593ed6f7d90d136b7f
  BigInt: f668a80089607f521586bbe29513d708491ef2f7
  ConnectCommon: a36ec6302f8766fa2843deeae75874b0258467a8
  ConnectEVMAdapter: 223daa0bad3dc8f7c55b6a5904956aee72e53fcf
  ConnectPhantomAdapter: 23aed86fc971bcb89e1cf2721c5e46ab79ab424a
  ConnectSolanaAdapter: 892a23f8a834b2a1fcede8ae3d432e588be77e8c
  ConnectWalletConnectAdapter: c2ecb6a9942c4c4f9d95fda700e11d77dd871545
  CryptoSwift: d3d18dc357932f7e6d580689e065cf1f176007c1
  Flutter: f04841e97a9d0b0a8025694d0796dd46242b2854
  GLTFSceneKit: d1b437c514ba2aed5555afb0fddd64e030612d57
  GRDB.swift: 7985834461bca2a3eaed615887daadf3864c779b
  JXPagingView: 90924b364a2ff7e94db534fad1fa50925ff69ee4
  JXSegmentedView: fec0d335355b6e019c494fe2e030bde8a36d2df6
  libwebp: 33dc822fbbf4503668d09f7885bbfedc76c45e96
  metamask-ios-sdk: 3c7b575d49b947cdf03ca1c766a9dec9f2c50b90
  MJRefresh: fdf5e979eb406a0341468932d1dfc8b7f9fce961
  particle_auth: 7df9934788402bd80156fa5f56422d941af0745c
  particle_connect: 0192191b9fcae5c955c4752920acc5f05deb762a
  particle_wallet: 19474f7dedbf8ea3fe07459ff85c37defa83c24e
  ParticleAuthAdapter: f0fab6f809f39709ab7b294c7d68db39eab66463
  ParticleAuthService: 632009f0b286e395ac6db50af852775547ba278c
  ParticleBiconomy: 962bd6483918f53a3084fa0ac215f03cf5d83c4b
  ParticleConnect: d7400c9895d6d553125205cd48d02f69ebe64b9f
  ParticleNetworkBase: 4ce39f867a7fa05e237b2082e908caf78b340be0
  ParticleWalletAPI: 595dce613978a45ba46f29c84815e43b733f5ee3
  ParticleWalletConnect: f07823dde36fba724b66a90bc5e4252c2542a8f4
  ParticleWalletGUI: 7d8abe757ee03cd0185d7940b1c80cfee057f591
  RxAlamofire: beb75a1c452d0de225651db4903f5d29d034a620
  RxCocoa: 94f817b71c07517321eb4f9ad299112ca8af743b
  RxRelay: 1de1523e604c72b6c68feadedd1af3b1b4d0ecbd
  RxSwift: 5710a9e6b17f3c3d6e40d6e559b9fa1e813b2ef8
  SDWebImage: 750adf017a315a280c60fde706ab1e552a3ae4e9
  SDWebImageWebPCoder: af09429398d99d524cae2fe00f6f0f6e491ed102
  secp256k1.swift: a7e7a214f6db6ce5db32cc6b2b45e5c4dd633634
  SkeletonView: 5a050f6411e697abd4cda0a8d767013399dccd69
  SnapKit: e01d52ebb8ddbc333eefe2132acf85c8227d9c25
  Socket.IO-Client-Swift: c116d6dc9fd6be9c259bacfe143f8725bce7d79e
  Starscream: 5178aed56b316f13fa3bc55694e583d35dd414d9
  SwiftMessages: f0c7ef4705a570ad6c5e208b611f4333e660ed92
  SwiftyJSON: 2f33a42c6fbc52764d96f13368585094bfd8aa5e
  SwiftyUserDefaults: 63f80248cf5bfb3458825d9a78f2eb7e1293a040
  Then: 844265ae87834bbe1147d91d5d41a404da2ec27d
  TweetNacl: 3abf4d1d2082b0114e7a67410e300892448951e6
  WalletConnectSwiftV2: 66aef6e7bbe881c465e6bce164f61c5bbf61d796

PODFILE CHECKSUM: c759736679cc4040637fa9ab6f7d44519a2948b5

COCOAPODS: 1.12.1
