PODS:
  - Alamofire (5.9.1)
  - AuthCoreAdapter (1.4.10):
    - ConnectCommon
    - ParticleAuthCore
  - AWSCore (2.34.2)
  - AWSKMS (2.34.2):
    - AWSCore (= 2.34.2)
  - Base58.swift (1.0.2):
    - BigInt
  - BigInt (5.2.0)
  - ConnectCommon (0.2.26):
    - BigInt (~> 5.2.0)
    - ParticleNetworkBase
    - RxAlamofire (~> 6.1.1)
    - secp256k1.swift (~> 0.1)
    - TweetNacl
  - ConnectEVMAdapter (0.2.26):
    - ConnectCommon
  - ConnectPhantomAdapter (0.2.26):
    - ConnectCommon
  - ConnectSolanaAdapter (0.2.26):
    - ConnectCommon
  - ConnectWalletConnectAdapter (0.2.26):
    - ConnectCommon
    - SDWebImage (~> 5.19.0)
    - SDWebImageWebPCoder
    - SnapKit
    - Starscream (= 3.1.1)
    - SwiftMessages
    - WalletConnectSwiftV2
  - CryptoSwift (1.8.2)
  - Flutter (1.0.0)
  - GLTFSceneKit (0.3.0)
  - GRDB.swift (6.24.1):
    - GRDB.swift/standard (= 6.24.1)
  - GRDB.swift/standard (6.24.1)
  - JXPagingView/Paging (2.1.3)
  - JXSegmentedView (1.3.3)
  - libwebp (1.3.2):
    - libwebp/demux (= 1.3.2)
    - libwebp/mux (= 1.3.2)
    - libwebp/sharpyuv (= 1.3.2)
    - libwebp/webp (= 1.3.2)
  - libwebp/demux (1.3.2):
    - libwebp/webp
  - libwebp/mux (1.3.2):
    - libwebp/demux
  - libwebp/sharpyuv (1.3.2)
  - libwebp/webp (1.3.2):
    - libwebp/sharpyuv
  - MJRefresh (3.7.9)
  - particle_auth_core (0.0.1):
    - AuthCoreAdapter
    - Flutter
    - ParticleAuthCore
    - ParticleMPCCore
    - Thresh
  - particle_base (0.0.1):
    - Flutter
    - ParticleNetworkBase
  - particle_connect (0.0.1):
    - ConnectCommon
    - ConnectEVMAdapter
    - ConnectPhantomAdapter
    - ConnectSolanaAdapter
    - ConnectWalletConnectAdapter
    - Flutter
    - ParticleConnect
  - particle_wallet (0.0.1):
    - Flutter
    - ParticleWalletGUI
  - ParticleAA (1.4.10):
    - ParticleNetworkBase
  - ParticleAuthCore (1.4.10):
    - AWSKMS (~> 2.34.2)
    - ParticleMPCCore
    - ParticleNetworkBase
    - SDWebImage (~> 5.19.0)
    - SDWebImageWebPCoder
    - SkeletonView
    - SnapKit (~> 5.7.1)
    - SwiftMessages
    - Then
  - ParticleConnect (0.2.26):
    - ConnectCommon
  - ParticleMPCCore (1.4.10):
    - Base58.swift
    - CryptoSwift (~> 1.8.1)
    - Thresh
  - ParticleNetworkBase (1.4.10):
    - Alamofire (~> 5.9.0)
    - Base58.swift
    - BigInt (~> 5.2.0)
    - CryptoSwift (~> 1.8.1)
    - RxAlamofire (~> 6.1.1)
    - RxCocoa (= 6.6.0)
    - RxSwift (= 6.6.0)
    - SwiftyJSON (~> 5.0.1)
    - SwiftyUserDefaults (~> 5.3.0)
  - ParticleWalletAPI (1.4.10):
    - GRDB.swift (~> 6.24.1)
    - ParticleNetworkBase
  - ParticleWalletConnect (1.4.10):
    - ParticleNetworkBase
    - RxAlamofire (~> 6.1.1)
    - RxCocoa (= 6.6.0)
    - RxSwift (= 6.6.0)
    - Starscream (= 3.1.1)
    - SwiftyUserDefaults (~> 5.3.0)
    - WalletConnectSwiftV2
  - ParticleWalletGUI (1.4.10):
    - GLTFSceneKit
    - JXPagingView/Paging (~> 2.1.3)
    - JXSegmentedView (~> 1.3.3)
    - MJRefresh (~> 3.7.9)
    - ParticleConnect
    - ParticleWalletAPI
    - ParticleWalletConnect
    - SDWebImage (~> 5.19.0)
    - SDWebImageSwiftUI (= 3.0.4)
    - SDWebImageWebPCoder
    - SkeletonView
    - SnapKit (~> 5.7.1)
    - SwiftMessages
    - Then
  - RxAlamofire (6.1.1):
    - RxAlamofire/Core (= 6.1.1)
  - RxAlamofire/Core (6.1.1):
    - Alamofire (~> 5.4)
    - RxSwift (~> 6.0)
  - RxCocoa (6.6.0):
    - RxRelay (= 6.6.0)
    - RxSwift (= 6.6.0)
  - RxRelay (6.6.0):
    - RxSwift (= 6.6.0)
  - RxSwift (6.6.0)
  - SDWebImage (5.19.4):
    - SDWebImage/Core (= 5.19.4)
  - SDWebImage/Core (5.19.4)
  - SDWebImageSwiftUI (3.0.4):
    - SDWebImage (~> 5.10)
  - SDWebImageWebPCoder (0.14.6):
    - libwebp (~> 1.0)
    - SDWebImage/Core (~> 5.17)
  - secp256k1.swift (0.1.4)
  - SkeletonView (1.30.4)
  - SnapKit (5.7.1)
  - Starscream (3.1.1)
  - SwiftMessages (10.0.0):
    - SwiftMessages/App (= 10.0.0)
  - SwiftMessages/App (10.0.0)
  - SwiftyJSON (5.0.2)
  - SwiftyUserDefaults (5.3.0)
  - Then (3.0.0)
  - Thresh (1.4.10)
  - TweetNacl (1.0.2)
  - WalletConnectSwiftV2 (1.9.9):
    - WalletConnectSwiftV2/WalletConnect (= 1.9.9)
  - WalletConnectSwiftV2/Commons (1.9.9)
  - WalletConnectSwiftV2/HTTPClient (1.9.9)
  - WalletConnectSwiftV2/JSONRPC (1.9.9):
    - WalletConnectSwiftV2/Commons
  - WalletConnectSwiftV2/WalletConnect (1.9.9):
    - WalletConnectSwiftV2/WalletConnectAuth
    - WalletConnectSwiftV2/WalletConnectPush
    - WalletConnectSwiftV2/WalletConnectSign
    - WalletConnectSwiftV2/WalletConnectVerify
  - WalletConnectSwiftV2/WalletConnectAuth (1.9.9):
    - WalletConnectSwiftV2/WalletConnectPairing
    - WalletConnectSwiftV2/WalletConnectSigner
    - WalletConnectSwiftV2/WalletConnectVerify
  - WalletConnectSwiftV2/WalletConnectJWT (1.9.9):
    - WalletConnectSwiftV2/WalletConnectKMS
  - WalletConnectSwiftV2/WalletConnectKMS (1.9.9):
    - WalletConnectSwiftV2/WalletConnectUtils
  - WalletConnectSwiftV2/WalletConnectNetworking (1.9.9):
    - WalletConnectSwiftV2/HTTPClient
    - WalletConnectSwiftV2/WalletConnectRelay
  - WalletConnectSwiftV2/WalletConnectPairing (1.9.9):
    - WalletConnectSwiftV2/WalletConnectNetworking
  - WalletConnectSwiftV2/WalletConnectPush (1.9.9):
    - WalletConnectSwiftV2/WalletConnectJWT
    - WalletConnectSwiftV2/WalletConnectNetworking
  - WalletConnectSwiftV2/WalletConnectRelay (1.9.9):
    - WalletConnectSwiftV2/WalletConnectJWT
  - WalletConnectSwiftV2/WalletConnectSign (1.9.9):
    - WalletConnectSwiftV2/WalletConnectPairing
    - WalletConnectSwiftV2/WalletConnectVerify
  - WalletConnectSwiftV2/WalletConnectSigner (1.9.9):
    - WalletConnectSwiftV2/WalletConnectNetworking
  - WalletConnectSwiftV2/WalletConnectUtils (1.9.9):
    - WalletConnectSwiftV2/JSONRPC
  - WalletConnectSwiftV2/WalletConnectVerify (1.9.9):
    - WalletConnectSwiftV2/WalletConnectNetworking
    - WalletConnectSwiftV2/WalletConnectUtils

DEPENDENCIES:
  - AuthCoreAdapter (= 1.4.10)
  - ConnectCommon (= 0.2.26)
  - ConnectEVMAdapter (= 0.2.26)
  - ConnectPhantomAdapter (= 0.2.26)
  - ConnectSolanaAdapter (= 0.2.26)
  - ConnectWalletConnectAdapter (= 0.2.26)
  - Flutter (from `Flutter`)
  - particle_auth_core (from `.symlinks/plugins/particle_auth_core/ios`)
  - particle_base (from `.symlinks/plugins/particle_base/ios`)
  - particle_connect (from `.symlinks/plugins/particle_connect/ios`)
  - particle_wallet (from `.symlinks/plugins/particle_wallet/ios`)
  - ParticleAA (= 1.4.10)
  - ParticleAuthCore (= 1.4.10)
  - ParticleConnect (= 0.2.26)
  - ParticleMPCCore (= 1.4.10)
  - ParticleNetworkBase (= 1.4.10)
  - ParticleWalletAPI (= 1.4.10)
  - ParticleWalletConnect (= 1.4.10)
  - ParticleWalletGUI (= 1.4.10)
  - SkeletonView (from `https://github.com/SunZhiC/SkeletonView.git`, branch `main`)
  - SwiftyUserDefaults (from `https://github.com/SunZhiC/SwiftyUserDefaults.git`, branch `master`)
  - Thresh (= 1.4.10)
  - WalletConnectSwiftV2 (from `https://github.com/SunZhiC/WalletConnectSwiftV2.git`, branch `particle`)

SPEC REPOS:
  https://github.com/CocoaPods/Specs.git:
    - Alamofire
    - AuthCoreAdapter
    - AWSCore
    - AWSKMS
    - Base58.swift
    - BigInt
    - ConnectCommon
    - ConnectEVMAdapter
    - ConnectPhantomAdapter
    - ConnectSolanaAdapter
    - ConnectWalletConnectAdapter
    - CryptoSwift
    - GLTFSceneKit
    - GRDB.swift
    - JXPagingView
    - JXSegmentedView
    - libwebp
    - MJRefresh
    - ParticleAA
    - ParticleAuthCore
    - ParticleConnect
    - ParticleMPCCore
    - ParticleNetworkBase
    - ParticleWalletAPI
    - ParticleWalletConnect
    - ParticleWalletGUI
    - RxAlamofire
    - RxCocoa
    - RxRelay
    - RxSwift
    - SDWebImage
    - SDWebImageSwiftUI
    - SDWebImageWebPCoder
    - secp256k1.swift
    - SnapKit
    - Starscream
    - SwiftMessages
    - SwiftyJSON
    - Then
    - Thresh
    - TweetNacl

EXTERNAL SOURCES:
  Flutter:
    :path: Flutter
  particle_auth_core:
    :path: ".symlinks/plugins/particle_auth_core/ios"
  particle_base:
    :path: ".symlinks/plugins/particle_base/ios"
  particle_connect:
    :path: ".symlinks/plugins/particle_connect/ios"
  particle_wallet:
    :path: ".symlinks/plugins/particle_wallet/ios"
  SkeletonView:
    :branch: main
    :git: https://github.com/SunZhiC/SkeletonView.git
  SwiftyUserDefaults:
    :branch: master
    :git: https://github.com/SunZhiC/SwiftyUserDefaults.git
  WalletConnectSwiftV2:
    :branch: particle
    :git: https://github.com/SunZhiC/WalletConnectSwiftV2.git

CHECKOUT OPTIONS:
  SkeletonView:
    :commit: 00aebbf16bb1d00fbd2ee85b9200a23432cb88aa
    :git: https://github.com/SunZhiC/SkeletonView.git
  SwiftyUserDefaults:
    :commit: 4b59143af80ebdc7e9811de521afcc33084c3e4e
    :git: https://github.com/SunZhiC/SwiftyUserDefaults.git
  WalletConnectSwiftV2:
    :commit: a7a592a9034a0c9203e217b800a15804f29d454f
    :git: https://github.com/SunZhiC/WalletConnectSwiftV2.git

SPEC CHECKSUMS:
  Alamofire: f36a35757af4587d8e4f4bfa223ad10be2422b8c
  AuthCoreAdapter: 538f9c57635a9d184545dfb657a82a33a3f154e6
  AWSCore: 13649d9063a6807ec37bde35c8f2da329d63d4e2
  AWSKMS: 311bb0cb71967273de5f4657875b9f2484ec13c2
  Base58.swift: e0e16655f9db843b8cd367593ed6f7d90d136b7f
  BigInt: f668a80089607f521586bbe29513d708491ef2f7
  ConnectCommon: d9f6e33104f911e5361aa75a266df0e850a3a525
  ConnectEVMAdapter: d475e07db66dad5c5111cb7f95b816ce37373ac1
  ConnectPhantomAdapter: 7dd9411572a54b62b16c22acfbfff3cc50e02f94
  ConnectSolanaAdapter: 7bbd7b3f0f4442f5bf8f79d55f3b098f2d3a8c48
  ConnectWalletConnectAdapter: 8303062a35e3097146200f4573aa319a4871834f
  CryptoSwift: c63a805d8bb5e5538e88af4e44bb537776af11ea
  Flutter: f04841e97a9d0b0a8025694d0796dd46242b2854
  GLTFSceneKit: d1b437c514ba2aed5555afb0fddd64e030612d57
  GRDB.swift: 136dcb5d8dddca50aae3ba7d77475f79e7232cd8
  JXPagingView: afdd2e9af09c90160dd232b970d603cc6e7ddd0e
  JXSegmentedView: 651b60fcf705258ba9395edd53876dbd2853fb68
  libwebp: 1786c9f4ff8a279e4dac1e8f385004d5fc253009
  MJRefresh: ff9e531227924c84ce459338414550a05d2aea78
  particle_auth_core: 08525d1c4253c4f49fbb6d1562a45d9187fa3f1b
  particle_base: a43be9e2129ecdc02740f458cfc299759ae89985
  particle_connect: cdc538adcd1376911b0a4627701e35f2b76efd57
  particle_wallet: f7e7dec6e3dc03937e492dd053375e460ba02825
  ParticleAA: a2f469809ed069750e925648f9e999867e6b239d
  ParticleAuthCore: 3ced5202ce50c04b1c4c9053e45bd98a35bd95ed
  ParticleConnect: 29851f6e2c4c563c3c01f2e9683bbee9e45f8685
  ParticleMPCCore: fd4052a49db4726d7bba3b5deb71956f2279245b
  ParticleNetworkBase: 98c7ef521e6ec3db98eff9369e264d69897f265f
  ParticleWalletAPI: 2ddbbef0f96751a781467d03038eee5bbaa74ee4
  ParticleWalletConnect: 78ed7cebbb5f4d85e3ac549daae377367b1dd584
  ParticleWalletGUI: 47c30ecd670ca90b84c0707cf436edd11be44795
  RxAlamofire: beb75a1c452d0de225651db4903f5d29d034a620
  RxCocoa: 44a80de90e25b739b5aeaae3c8c371a32e3343cc
  RxRelay: 45eaa5db8ee4fb50e5ebd57deec0159e97fa51e6
  RxSwift: a4b44f7d24599f674deebd1818eab82e58410632
  SDWebImage: 066c47b573f408f18caa467d71deace7c0f8280d
  SDWebImageSwiftUI: 824628d8220906aa101f62b39a7492edd138449d
  SDWebImageWebPCoder: e38c0a70396191361d60c092933e22c20d5b1380
  secp256k1.swift: a7e7a214f6db6ce5db32cc6b2b45e5c4dd633634
  SkeletonView: 735bba714f75a451d998bf6f4aef5bfe9d1c803e
  SnapKit: d612e99e678a2d3b95bf60b0705ed0a35c03484a
  Starscream: 4bb2f9942274833f7b4d296a55504dcfc7edb7b0
  SwiftMessages: d3540f0f981dfbac25bd2ae9a662effa48f76f92
  SwiftyJSON: f5b1bf1cd8dd53cd25887ac0eabcfd92301c6a5a
  SwiftyUserDefaults: dd5dce66fb01565a82c3618b835f0546987eb683
  Then: 844265ae87834bbe1147d91d5d41a404da2ec27d
  Thresh: b9faa3a2ac7db901233e1b7a3ea291308d6ae43d
  TweetNacl: 3abf4d1d2082b0114e7a67410e300892448951e6
  WalletConnectSwiftV2: a3e9870da851a1608e79d4583668e87ffea6a72d

PODFILE CHECKSUM: d2604874381ea4356ea8dfb58325947e88566c81

COCOAPODS: 1.15.2
