PODS:
  - Alamofire (5.8.1)
  - Base58.swift (1.0.2):
    - BigInt
  - BigInt (5.2.0)
  - ConnectCommon (0.2.14):
    - BigInt (~> 5.2.0)
    - ParticleNetworkBase
    - RxAlamofire (~> 6.1.1)
    - secp256k1.swift (~> 0.1)
    - SwiftyJSON (~> 5.0)
    - TweetNacl
  - ConnectEVMAdapter (0.2.14):
    - BigInt (~> 5.2.0)
    - ConnectCommon
    - CryptoSwift
    - RxAlamofire (~> 6.1.1)
    - SwiftyUserDefaults (~> 5.3.0)
  - ConnectPhantomAdapter (0.2.14):
    - ConnectCommon
    - RxAlamofire (~> 6.1.1)
    - SwiftyJSON (~> 5.0)
    - SwiftyUserDefaults (~> 5.3.0)
    - TweetNacl
  - ConnectSolanaAdapter (0.2.14):
    - ConnectCommon
    - RxAlamofire (~> 6.1.1)
    - secp256k1.swift (~> 0.1)
    - SwiftyUserDefaults (~> 5.3.0)
    - TweetNacl
  - ConnectWalletConnectAdapter (0.2.14):
    - ConnectCommon
    - RxAlamofire (~> 6.1.1)
    - RxCocoa (= 6.5.0)
    - RxSwift (= 6.5.0)
    - SDWebImage
    - SDWebImageWebPCoder
    - SnapKit
    - Starscream (= 3.1.1)
    - SwiftMessages
    - SwiftyJSON (~> 5.0)
    - SwiftyUserDefaults (~> 5.3.0)
    - WalletConnectSwiftV2 (= 1.9.1)
  - CryptoSwift (1.8.0)
  - Flutter (1.0.0)
  - GLTFSceneKit (0.3.0)
  - GRDB.swift (6.16.0):
    - GRDB.swift/standard (= 6.16.0)
  - GRDB.swift/standard (6.16.0)
  - JXPagingView/Paging (2.1.2)
  - JXSegmentedView (1.3.0)
  - libwebp (1.3.2):
    - libwebp/demux (= 1.3.2)
    - libwebp/mux (= 1.3.2)
    - libwebp/sharpyuv (= 1.3.2)
    - libwebp/webp (= 1.3.2)
  - libwebp/demux (1.3.2):
    - libwebp/webp
  - libwebp/mux (1.3.2):
    - libwebp/demux
  - libwebp/sharpyuv (1.3.2)
  - libwebp/webp (1.3.2):
    - libwebp/sharpyuv
  - MJRefresh (3.7.6)
  - particle_auth (0.0.1):
    - Flutter
    - ParticleAuthService
  - particle_connect (0.0.1):
    - ConnectCommon
    - ConnectEVMAdapter
    - ConnectPhantomAdapter
    - ConnectSolanaAdapter
    - ConnectWalletConnectAdapter
    - Flutter
    - ParticleAuthAdapter
    - ParticleConnect
  - particle_wallet (0.0.1):
    - Flutter
    - ParticleWalletGUI
  - ParticleAA (1.3.4):
    - ParticleNetworkBase
  - ParticleAuthAdapter (0.2.14):
    - ConnectCommon
    - ParticleAuthService
  - ParticleAuthService (1.3.4):
    - CryptoSwift
    - ParticleNetworkBase
    - RxAlamofire (~> 6.1.1)
    - RxCocoa (= 6.5.0)
    - RxSwift (= 6.5.0)
    - SwiftyJSON (~> 5.0)
    - SwiftyUserDefaults (~> 5.3.0)
  - ParticleConnect (0.2.14):
    - ConnectCommon
  - ParticleNetworkBase (1.3.4):
    - Base58.swift
    - BigInt (~> 5.2.0)
    - CryptoSwift
    - RxAlamofire (~> 6.1.1)
    - RxCocoa (= 6.5.0)
    - RxSwift (= 6.5.0)
    - SwiftyJSON (~> 5.0)
    - SwiftyUserDefaults (~> 5.3.0)
  - ParticleWalletAPI (1.3.4):
    - CryptoSwift
    - GRDB.swift (= 6.16.0)
    - ParticleNetworkBase
    - RxAlamofire (~> 6.1.1)
    - RxCocoa (= 6.5.0)
    - RxSwift (= 6.5.0)
    - SwiftyJSON (~> 5.0)
    - SwiftyUserDefaults (~> 5.3.0)
  - ParticleWalletConnect (1.3.4):
    - ParticleNetworkBase
    - RxAlamofire (~> 6.1.1)
    - RxCocoa (= 6.5.0)
    - RxSwift (= 6.5.0)
    - Starscream (= 3.1.1)
    - SwiftyUserDefaults (~> 5.3.0)
    - WalletConnectSwiftV2 (= 1.9.1)
  - ParticleWalletGUI (1.3.4):
    - ConnectEVMAdapter
    - ConnectPhantomAdapter
    - ConnectSolanaAdapter
    - ConnectWalletConnectAdapter
    - GLTFSceneKit
    - JXPagingView/Paging
    - JXSegmentedView
    - MJRefresh (~> 3.7.0)
    - ParticleConnect
    - ParticleWalletAPI
    - ParticleWalletConnect
    - SDWebImage
    - SDWebImageSwiftUI
    - SDWebImageWebPCoder
    - SkeletonView
    - SnapKit
    - SwiftMessages
    - Then
  - RxAlamofire (6.1.1):
    - RxAlamofire/Core (= 6.1.1)
  - RxAlamofire/Core (6.1.1):
    - Alamofire (~> 5.4)
    - RxSwift (~> 6.0)
  - RxCocoa (6.5.0):
    - RxRelay (= 6.5.0)
    - RxSwift (= 6.5.0)
  - RxRelay (6.5.0):
    - RxSwift (= 6.5.0)
  - RxSwift (6.5.0)
  - SDWebImage (5.18.3):
    - SDWebImage/Core (= 5.18.3)
  - SDWebImage/Core (5.18.3)
  - SDWebImageSwiftUI (2.2.4):
    - SDWebImage (~> 5.10)
  - SDWebImageWebPCoder (0.14.2):
    - libwebp (~> 1.0)
    - SDWebImage/Core (~> 5.17)
  - secp256k1.swift (0.1.4)
  - SkeletonView (1.30.4)
  - SnapKit (5.6.0)
  - Starscream (3.1.1)
  - SwiftMessages (9.0.9):
    - SwiftMessages/App (= 9.0.9)
  - SwiftMessages/App (9.0.9)
  - SwiftyJSON (5.0.1)
  - SwiftyUserDefaults (5.3.0)
  - Then (3.0.0)
  - TweetNacl (1.0.2)
  - WalletConnectSwiftV2 (1.9.1):
    - WalletConnectSwiftV2/WalletConnect (= 1.9.1)
  - WalletConnectSwiftV2/Commons (1.9.1)
  - WalletConnectSwiftV2/HTTPClient (1.9.1)
  - WalletConnectSwiftV2/JSONRPC (1.9.1):
    - WalletConnectSwiftV2/Commons
  - WalletConnectSwiftV2/WalletConnect (1.9.1):
    - WalletConnectSwiftV2/WalletConnectAuth
    - WalletConnectSwiftV2/WalletConnectPush
    - WalletConnectSwiftV2/WalletConnectSign
    - WalletConnectSwiftV2/WalletConnectVerify
  - WalletConnectSwiftV2/WalletConnectAuth (1.9.1):
    - WalletConnectSwiftV2/WalletConnectPairing
    - WalletConnectSwiftV2/WalletConnectSigner
    - WalletConnectSwiftV2/WalletConnectVerify
  - WalletConnectSwiftV2/WalletConnectJWT (1.9.1):
    - WalletConnectSwiftV2/WalletConnectKMS
  - WalletConnectSwiftV2/WalletConnectKMS (1.9.1):
    - WalletConnectSwiftV2/WalletConnectUtils
  - WalletConnectSwiftV2/WalletConnectNetworking (1.9.1):
    - WalletConnectSwiftV2/HTTPClient
    - WalletConnectSwiftV2/WalletConnectRelay
  - WalletConnectSwiftV2/WalletConnectPairing (1.9.1):
    - WalletConnectSwiftV2/WalletConnectNetworking
  - WalletConnectSwiftV2/WalletConnectPush (1.9.1):
    - WalletConnectSwiftV2/WalletConnectJWT
    - WalletConnectSwiftV2/WalletConnectNetworking
  - WalletConnectSwiftV2/WalletConnectRelay (1.9.1):
    - WalletConnectSwiftV2/WalletConnectJWT
  - WalletConnectSwiftV2/WalletConnectSign (1.9.1):
    - WalletConnectSwiftV2/WalletConnectPairing
    - WalletConnectSwiftV2/WalletConnectVerify
  - WalletConnectSwiftV2/WalletConnectSigner (1.9.1):
    - WalletConnectSwiftV2/WalletConnectNetworking
  - WalletConnectSwiftV2/WalletConnectUtils (1.9.1):
    - WalletConnectSwiftV2/JSONRPC
  - WalletConnectSwiftV2/WalletConnectVerify (1.9.1):
    - WalletConnectSwiftV2/WalletConnectNetworking
    - WalletConnectSwiftV2/WalletConnectUtils

DEPENDENCIES:
  - ConnectCommon (= 0.2.14)
  - ConnectEVMAdapter (= 0.2.14)
  - ConnectPhantomAdapter (= 0.2.14)
  - ConnectSolanaAdapter (= 0.2.14)
  - ConnectWalletConnectAdapter (= 0.2.14)
  - Flutter (from `Flutter`)
  - particle_auth (from `.symlinks/plugins/particle_auth/ios`)
  - particle_connect (from `.symlinks/plugins/particle_connect/ios`)
  - particle_wallet (from `.symlinks/plugins/particle_wallet/ios`)
  - ParticleAA (= 1.3.4)
  - ParticleAuthAdapter (= 0.2.14)
  - ParticleAuthService (= 1.3.4)
  - ParticleConnect (= 0.2.14)
  - ParticleNetworkBase (= 1.3.4)
  - ParticleWalletAPI (= 1.3.4)
  - ParticleWalletConnect (= 1.3.4)
  - ParticleWalletGUI (= 1.3.4)
  - SkeletonView (from `https://github.com/SunZhiC/SkeletonView.git`, branch `main`)

SPEC REPOS:
  https://github.com/CocoaPods/Specs.git:
    - Alamofire
    - Base58.swift
    - BigInt
    - ConnectCommon
    - ConnectEVMAdapter
    - ConnectPhantomAdapter
    - ConnectSolanaAdapter
    - ConnectWalletConnectAdapter
    - CryptoSwift
    - GLTFSceneKit
    - GRDB.swift
    - JXPagingView
    - JXSegmentedView
    - libwebp
    - MJRefresh
    - ParticleAA
    - ParticleAuthAdapter
    - ParticleAuthService
    - ParticleConnect
    - ParticleNetworkBase
    - ParticleWalletAPI
    - ParticleWalletConnect
    - ParticleWalletGUI
    - RxAlamofire
    - RxCocoa
    - RxRelay
    - RxSwift
    - SDWebImage
    - SDWebImageSwiftUI
    - SDWebImageWebPCoder
    - secp256k1.swift
    - SnapKit
    - Starscream
    - SwiftMessages
    - SwiftyJSON
    - SwiftyUserDefaults
    - Then
    - TweetNacl
    - WalletConnectSwiftV2

EXTERNAL SOURCES:
  Flutter:
    :path: Flutter
  particle_auth:
    :path: ".symlinks/plugins/particle_auth/ios"
  particle_connect:
    :path: ".symlinks/plugins/particle_connect/ios"
  particle_wallet:
    :path: ".symlinks/plugins/particle_wallet/ios"
  SkeletonView:
    :branch: main
    :git: https://github.com/SunZhiC/SkeletonView.git

CHECKOUT OPTIONS:
  SkeletonView:
    :commit: 09431e290ea7f3f81cbb69ce979c7d8a02a4af99
    :git: https://github.com/SunZhiC/SkeletonView.git

SPEC CHECKSUMS:
  Alamofire: 3ca42e259043ee0dc5c0cdd76c4bc568b8e42af7
  Base58.swift: e0e16655f9db843b8cd367593ed6f7d90d136b7f
  BigInt: f668a80089607f521586bbe29513d708491ef2f7
  ConnectCommon: ed55351eccc39eda46222057c013fd7e564a28b9
  ConnectEVMAdapter: a99983019bd4567770d0244a212a7e77ef831287
  ConnectPhantomAdapter: 76dc22c3479c92cc483291d03a411cab108e00b0
  ConnectSolanaAdapter: 7a61d897fb1743a2a4d64e4227ff4b17133d6b2f
  ConnectWalletConnectAdapter: f318ab845e5d0b8b8c77ee7f878c7bcd50614c86
  CryptoSwift: 52aaf3fce7337552863b1d952e408085f0e65030
  Flutter: f04841e97a9d0b0a8025694d0796dd46242b2854
  GLTFSceneKit: d1b437c514ba2aed5555afb0fddd64e030612d57
  GRDB.swift: 7985834461bca2a3eaed615887daadf3864c779b
  JXPagingView: 90924b364a2ff7e94db534fad1fa50925ff69ee4
  JXSegmentedView: fec0d335355b6e019c494fe2e030bde8a36d2df6
  libwebp: 1786c9f4ff8a279e4dac1e8f385004d5fc253009
  MJRefresh: 2fe7fb43a5167ceda20bb7e63f130c04fd1814a5
  particle_auth: f63e17b5dc9b5f7b3ad4d5c13fbfc03d3739b3ab
  particle_connect: 0192191b9fcae5c955c4752920acc5f05deb762a
  particle_wallet: f7e7dec6e3dc03937e492dd053375e460ba02825
  ParticleAA: bf9ebad3c656dd8eece5aa7b3009e7a7580ea929
  ParticleAuthAdapter: 5adb909ebc96aafa8aab2e3c8f273b93da1509c7
  ParticleAuthService: ab9199726e5d0bda15ac87a5f83957cd2124a679
  ParticleConnect: 5d15dae000cde5017e49184022194bcf5d59ffc1
  ParticleNetworkBase: ff9b116b323031cc9839f17d4a7d5bae598de98c
  ParticleWalletAPI: e06b65d6e211e5dfd9008200238b0b990699f75d
  ParticleWalletConnect: d3ff56c8281e0df0d5c368440508d8d4b85701a7
  ParticleWalletGUI: 13857e47bd2e001bd63d1446939d1680789f9bf5
  RxAlamofire: beb75a1c452d0de225651db4903f5d29d034a620
  RxCocoa: 94f817b71c07517321eb4f9ad299112ca8af743b
  RxRelay: 1de1523e604c72b6c68feadedd1af3b1b4d0ecbd
  RxSwift: 5710a9e6b17f3c3d6e40d6e559b9fa1e813b2ef8
  SDWebImage: 96e0c18ef14010b7485210e92fac888587ebb958
  SDWebImageSwiftUI: a3ed505b65903252560fcf37ff493d9d97648ae5
  SDWebImageWebPCoder: 633b813fca24f1de5e076bcd7f720c038b23892b
  secp256k1.swift: a7e7a214f6db6ce5db32cc6b2b45e5c4dd633634
  SkeletonView: 5a050f6411e697abd4cda0a8d767013399dccd69
  SnapKit: e01d52ebb8ddbc333eefe2132acf85c8227d9c25
  Starscream: 4bb2f9942274833f7b4d296a55504dcfc7edb7b0
  SwiftMessages: 1a23aef303fa7bb26ad802880746cf8358e378fe
  SwiftyJSON: 2f33a42c6fbc52764d96f13368585094bfd8aa5e
  SwiftyUserDefaults: 63f80248cf5bfb3458825d9a78f2eb7e1293a040
  Then: 844265ae87834bbe1147d91d5d41a404da2ec27d
  TweetNacl: 3abf4d1d2082b0114e7a67410e300892448951e6
  WalletConnectSwiftV2: 11a9110e95715d3cb11342f493bf17d12088939f

PODFILE CHECKSUM: 5e4cb4b7e47f901330ff6ca7fefc275b3fc1fc92

COCOAPODS: 1.14.2
