PODS:
  - Alamofire (5.7.1)
  - BigInt (5.2.0)
  - CryptoSwift (1.7.1)
  - Flutter (1.0.0)
  - particle_auth (0.0.1):
    - Flutter
    - ParticleAuthService
  - particle_biconomy (0.0.1):
    - Flutter
    - ParticleBiconomy
  - ParticleAuthService (0.13.3):
    - CryptoSwift
    - ParticleNetworkBase
    - RxAlamofire (~> 6.1.1)
    - RxCocoa (= 6.5.0)
    - RxSwift (= 6.5.0)
    - SwiftyJSON (~> 5.0)
    - SwiftyUserDefaults (~> 5.3.0)
  - ParticleBiconomy (0.13.3):
    - ParticleNetworkBase
  - ParticleNetworkBase (0.13.3):
    - BigInt (~> 5.2.0)
    - CryptoSwift
    - RxAlamofire (~> 6.1.1)
    - RxCocoa (= 6.5.0)
    - RxSwift (= 6.5.0)
    - SwiftyJSON (~> 5.0)
    - SwiftyUserDefaults (~> 5.3.0)
  - RxAlamofire (6.1.1):
    - RxAlamofire/Core (= 6.1.1)
  - RxAlamofire/Core (6.1.1):
    - Alamofire (~> 5.4)
    - RxSwift (~> 6.0)
  - RxCocoa (6.5.0):
    - RxRelay (= 6.5.0)
    - RxSwift (= 6.5.0)
  - RxRelay (6.5.0):
    - RxSwift (= 6.5.0)
  - RxSwift (6.5.0)
  - SwiftyJSON (5.0.1)
  - SwiftyUserDefaults (5.3.0)

DEPENDENCIES:
  - Flutter (from `Flutter`)
  - particle_auth (from `.symlinks/plugins/particle_auth/ios`)
  - particle_biconomy (from `.symlinks/plugins/particle_biconomy/ios`)
  - ParticleBiconomy (= 0.13.3)
  - ParticleNetworkBase (= 0.13.3)

SPEC REPOS:
  https://github.com/CocoaPods/Specs.git:
    - Alamofire
    - BigInt
    - CryptoSwift
    - ParticleAuthService
    - ParticleBiconomy
    - ParticleNetworkBase
    - RxAlamofire
    - RxCocoa
    - RxRelay
    - RxSwift
    - SwiftyJSON
    - SwiftyUserDefaults

EXTERNAL SOURCES:
  Flutter:
    :path: Flutter
  particle_auth:
    :path: ".symlinks/plugins/particle_auth/ios"
  particle_biconomy:
    :path: ".symlinks/plugins/particle_biconomy/ios"

SPEC CHECKSUMS:
  Alamofire: 0123a34370cb170936ae79a8df46cc62b2edeb88
  BigInt: f668a80089607f521586bbe29513d708491ef2f7
  CryptoSwift: d3d18dc357932f7e6d580689e065cf1f176007c1
  Flutter: f04841e97a9d0b0a8025694d0796dd46242b2854
  particle_auth: 7df9934788402bd80156fa5f56422d941af0745c
  particle_biconomy: 732e548a456869d9da5a8a3a1910c4c0813a188a
  ParticleAuthService: 0e1f0fec7613f1bd7da5bfed2c0b134242f90ef8
  ParticleBiconomy: f93ff2c54012c2a705ef81e5f9584c8259248226
  ParticleNetworkBase: c8ed86d5c5309fd775b3bcef1162bbaf7a08b3a3
  RxAlamofire: beb75a1c452d0de225651db4903f5d29d034a620
  RxCocoa: 94f817b71c07517321eb4f9ad299112ca8af743b
  RxRelay: 1de1523e604c72b6c68feadedd1af3b1b4d0ecbd
  RxSwift: 5710a9e6b17f3c3d6e40d6e559b9fa1e813b2ef8
  SwiftyJSON: 2f33a42c6fbc52764d96f13368585094bfd8aa5e
  SwiftyUserDefaults: 63f80248cf5bfb3458825d9a78f2eb7e1293a040

PODFILE CHECKSUM: 7d4a6739545614be8242d0ae52008864647bd8a8

COCOAPODS: 1.12.0
