PODS:
  - Alamofire (5.7.1)
  - BigInt (5.2.0)
  - ConnectCommon (0.1.53):
    - BigInt (~> 5.2.0)
    - ParticleNetworkBase
    - RxAlamofire (~> 6.1.1)
    - secp256k1.swift (~> 0.1)
    - SwiftyJSON (~> 5.0)
    - TweetNacl
  - ConnectEVMAdapter (0.1.53):
    - BigInt (~> 5.2.0)
    - ConnectCommon
    - CryptoSwift
    - GenericJSON (~> 2.0)
    - RxAlamofire (~> 6.1.1)
    - SwiftyUserDefaults (~> 5.3.0)
  - ConnectPhantomAdapter (0.1.53):
    - ConnectCommon
    - RxAlamofire (~> 6.1.1)
    - SwiftyJSON (~> 5.0)
    - SwiftyUserDefaults (~> 5.3.0)
    - TweetNacl
  - ConnectSolanaAdapter (0.1.53):
    - ConnectCommon
    - RxAlamofire (~> 6.1.1)
    - secp256k1.swift (~> 0.1)
    - SwiftyUserDefaults (~> 5.3.0)
    - TweetNacl
  - ConnectWalletConnectAdapter (0.1.53):
    - ConnectCommon
    - RxAlamofire (~> 6.1.1)
    - RxCocoa (= 6.5.0)
    - RxSwift (= 6.5.0)
    - SnapKit
    - SwiftMessages
    - SwiftyJSON (~> 5.0)
    - SwiftyUserDefaults (~> 5.3.0)
    - WalletConnectSwift
  - CryptoSwift (1.7.1)
  - Flutter (1.0.0)
  - GenericJSON (2.0.2)
  - particle_auth (0.0.1):
    - Flutter
    - ParticleAuthService
  - particle_biconomy (0.0.1):
    - Flutter
    - ParticleBiconomy
  - particle_connect (0.0.1):
    - ConnectCommon
    - ConnectEVMAdapter
    - ConnectPhantomAdapter
    - ConnectSolanaAdapter
    - ConnectWalletConnectAdapter
    - Flutter
    - ParticleConnect
  - ParticleAuthService (0.13.4):
    - CryptoSwift
    - ParticleNetworkBase
    - RxAlamofire (~> 6.1.1)
    - RxCocoa (= 6.5.0)
    - RxSwift (= 6.5.0)
    - SwiftyJSON (~> 5.0)
    - SwiftyUserDefaults (~> 5.3.0)
  - ParticleBiconomy (0.13.4):
    - ParticleNetworkBase
  - ParticleConnect (0.1.53):
    - ConnectCommon
    - ParticleAuthService
  - ParticleNetworkBase (0.13.4):
    - BigInt (~> 5.2.0)
    - CryptoSwift
    - RxAlamofire (~> 6.1.1)
    - RxCocoa (= 6.5.0)
    - RxSwift (= 6.5.0)
    - SwiftyJSON (~> 5.0)
    - SwiftyUserDefaults (~> 5.3.0)
  - RxAlamofire (6.1.1):
    - RxAlamofire/Core (= 6.1.1)
  - RxAlamofire/Core (6.1.1):
    - Alamofire (~> 5.4)
    - RxSwift (~> 6.0)
  - RxCocoa (6.5.0):
    - RxRelay (= 6.5.0)
    - RxSwift (= 6.5.0)
  - RxRelay (6.5.0):
    - RxSwift (= 6.5.0)
  - RxSwift (6.5.0)
  - secp256k1.swift (0.1.4)
  - SnapKit (5.6.0)
  - SwiftMessages (9.0.6):
    - SwiftMessages/App (= 9.0.6)
  - SwiftMessages/App (9.0.6)
  - SwiftyJSON (5.0.1)
  - SwiftyUserDefaults (5.3.0)
  - TweetNacl (1.0.2)
  - WalletConnectSwift (1.7.0):
    - CryptoSwift (~> 1.5)

DEPENDENCIES:
  - ConnectCommon (= 0.1.53)
  - ConnectEVMAdapter (= 0.1.53)
  - ConnectPhantomAdapter (= 0.1.53)
  - ConnectSolanaAdapter (= 0.1.53)
  - ConnectWalletConnectAdapter (= 0.1.53)
  - Flutter (from `Flutter`)
  - particle_auth (from `.symlinks/plugins/particle_auth/ios`)
  - particle_biconomy (from `.symlinks/plugins/particle_biconomy/ios`)
  - particle_connect (from `.symlinks/plugins/particle_connect/ios`)
  - ParticleBiconomy (= 0.13.4)
  - ParticleConnect (= 0.1.53)
  - ParticleNetworkBase (= 0.13.4)
  - WalletConnectSwift (from `https://github.com/SunZhiC/WalletConnectSwift`, branch `master`)

SPEC REPOS:
  https://github.com/CocoaPods/Specs.git:
    - Alamofire
    - BigInt
    - ConnectCommon
    - ConnectEVMAdapter
    - ConnectPhantomAdapter
    - ConnectSolanaAdapter
    - ConnectWalletConnectAdapter
    - CryptoSwift
    - GenericJSON
    - ParticleAuthService
    - ParticleBiconomy
    - ParticleConnect
    - ParticleNetworkBase
    - RxAlamofire
    - RxCocoa
    - RxRelay
    - RxSwift
    - secp256k1.swift
    - SnapKit
    - SwiftMessages
    - SwiftyJSON
    - SwiftyUserDefaults
    - TweetNacl

EXTERNAL SOURCES:
  Flutter:
    :path: Flutter
  particle_auth:
    :path: ".symlinks/plugins/particle_auth/ios"
  particle_biconomy:
    :path: ".symlinks/plugins/particle_biconomy/ios"
  particle_connect:
    :path: ".symlinks/plugins/particle_connect/ios"
  WalletConnectSwift:
    :branch: master
    :git: https://github.com/SunZhiC/WalletConnectSwift

CHECKOUT OPTIONS:
  WalletConnectSwift:
    :commit: fa43b956320911e2ee7c5268e100c452382d7f4b
    :git: https://github.com/SunZhiC/WalletConnectSwift

SPEC CHECKSUMS:
  Alamofire: 0123a34370cb170936ae79a8df46cc62b2edeb88
  BigInt: f668a80089607f521586bbe29513d708491ef2f7
  ConnectCommon: 668ff523f5bf16cd021c92613489fd2d7224f138
  ConnectEVMAdapter: b43421699ddd44af348638cea1ca93ee34271677
  ConnectPhantomAdapter: 13666d40e3fbc3d89ddf69e6ffb5bf11441ed3c7
  ConnectSolanaAdapter: 4ef52c7af4b5073ace3a2a52797ce3abc3d773ed
  ConnectWalletConnectAdapter: 9125ea089a1765cf2dee9245fb46a3361cfda802
  CryptoSwift: d3d18dc357932f7e6d580689e065cf1f176007c1
  Flutter: f04841e97a9d0b0a8025694d0796dd46242b2854
  GenericJSON: 79a840eeb77030962e8cf02a62d36bd413b67626
  particle_auth: 7df9934788402bd80156fa5f56422d941af0745c
  particle_biconomy: 732e548a456869d9da5a8a3a1910c4c0813a188a
  particle_connect: b26527054dcf5312694b8ddbb018300116fdd089
  ParticleAuthService: edd60d9b489b9d54990b2711007fb1187a7c41bd
  ParticleBiconomy: d4bb278dc25fe34ca2fdb7e4ca6dbc0beefa69a8
  ParticleConnect: 9f0144cb2631dd407a930447161e7ee6548f44fa
  ParticleNetworkBase: beff78b28c27983478b8c86a7eab449538da96f0
  RxAlamofire: beb75a1c452d0de225651db4903f5d29d034a620
  RxCocoa: 94f817b71c07517321eb4f9ad299112ca8af743b
  RxRelay: 1de1523e604c72b6c68feadedd1af3b1b4d0ecbd
  RxSwift: 5710a9e6b17f3c3d6e40d6e559b9fa1e813b2ef8
  secp256k1.swift: a7e7a214f6db6ce5db32cc6b2b45e5c4dd633634
  SnapKit: e01d52ebb8ddbc333eefe2132acf85c8227d9c25
  SwiftMessages: f0c7ef4705a570ad6c5e208b611f4333e660ed92
  SwiftyJSON: 2f33a42c6fbc52764d96f13368585094bfd8aa5e
  SwiftyUserDefaults: 63f80248cf5bfb3458825d9a78f2eb7e1293a040
  TweetNacl: 3abf4d1d2082b0114e7a67410e300892448951e6
  WalletConnectSwift: 6309bf3011b0b30e3e9d1e7449535302a9240f71

PODFILE CHECKSUM: c849f73d91a1509bff667b7d28171fa49a7a9efa

COCOAPODS: 1.12.0
