PODS:
  - Alamofire (5.8.1)
  - Base58.swift (1.0.2):
    - BigInt
  - BigInt (5.2.0)
  - ConnectCommon (0.2.13):
    - BigInt (~> 5.2.0)
    - ParticleNetworkBase
    - RxAlamofire (~> 6.1.1)
    - secp256k1.swift (~> 0.1)
    - SwiftyJSON (~> 5.0)
    - TweetNacl
  - ConnectEVMAdapter (0.2.13):
    - BigInt (~> 5.2.0)
    - ConnectCommon
    - CryptoSwift
    - RxAlamofire (~> 6.1.1)
    - SwiftyUserDefaults (~> 5.3.0)
  - ConnectPhantomAdapter (0.2.13):
    - ConnectCommon
    - RxAlamofire (~> 6.1.1)
    - SwiftyJSON (~> 5.0)
    - SwiftyUserDefaults (~> 5.3.0)
    - TweetNacl
  - ConnectSolanaAdapter (0.2.13):
    - ConnectCommon
    - RxAlamofire (~> 6.1.1)
    - secp256k1.swift (~> 0.1)
    - SwiftyUserDefaults (~> 5.3.0)
    - TweetNacl
  - ConnectWalletConnectAdapter (0.2.13):
    - ConnectCommon
    - RxAlamofire (~> 6.1.1)
    - RxCocoa (= 6.5.0)
    - RxSwift (= 6.5.0)
    - SDWebImage
    - SDWebImageWebPCoder
    - SnapKit
    - Starscream (= 3.1.1)
    - SwiftMessages
    - SwiftyJSON (~> 5.0)
    - SwiftyUserDefaults (~> 5.3.0)
    - WalletConnectSwiftV2 (= 1.9.1)
  - CryptoSwift (1.8.0)
  - Flutter (1.0.0)
  - libwebp (1.3.2):
    - libwebp/demux (= 1.3.2)
    - libwebp/mux (= 1.3.2)
    - libwebp/sharpyuv (= 1.3.2)
    - libwebp/webp (= 1.3.2)
  - libwebp/demux (1.3.2):
    - libwebp/webp
  - libwebp/mux (1.3.2):
    - libwebp/demux
  - libwebp/sharpyuv (1.3.2)
  - libwebp/webp (1.3.2):
    - libwebp/sharpyuv
  - particle_aa (0.0.1):
    - Flutter
    - ParticleAA
  - particle_auth (0.0.1):
    - Flutter
    - ParticleAuthService
  - particle_connect (0.0.1):
    - ConnectCommon
    - ConnectEVMAdapter
    - ConnectPhantomAdapter
    - ConnectSolanaAdapter
    - ConnectWalletConnectAdapter
    - Flutter
    - ParticleAuthAdapter
    - ParticleConnect
  - ParticleAA (1.3.4):
    - ParticleNetworkBase
  - ParticleAuthAdapter (0.2.13):
    - ConnectCommon
    - ParticleAuthService
  - ParticleAuthService (1.3.4):
    - CryptoSwift
    - ParticleNetworkBase
    - RxAlamofire (~> 6.1.1)
    - RxCocoa (= 6.5.0)
    - RxSwift (= 6.5.0)
    - SwiftyJSON (~> 5.0)
    - SwiftyUserDefaults (~> 5.3.0)
  - ParticleConnect (0.2.13):
    - ConnectCommon
  - ParticleNetworkBase (1.3.4):
    - Base58.swift
    - BigInt (~> 5.2.0)
    - CryptoSwift
    - RxAlamofire (~> 6.1.1)
    - RxCocoa (= 6.5.0)
    - RxSwift (= 6.5.0)
    - SwiftyJSON (~> 5.0)
    - SwiftyUserDefaults (~> 5.3.0)
  - RxAlamofire (6.1.1):
    - RxAlamofire/Core (= 6.1.1)
  - RxAlamofire/Core (6.1.1):
    - Alamofire (~> 5.4)
    - RxSwift (~> 6.0)
  - RxCocoa (6.5.0):
    - RxRelay (= 6.5.0)
    - RxSwift (= 6.5.0)
  - RxRelay (6.5.0):
    - RxSwift (= 6.5.0)
  - RxSwift (6.5.0)
  - SDWebImage (5.18.3):
    - SDWebImage/Core (= 5.18.3)
  - SDWebImage/Core (5.18.3)
  - SDWebImageWebPCoder (0.14.2):
    - libwebp (~> 1.0)
    - SDWebImage/Core (~> 5.17)
  - secp256k1.swift (0.1.4)
  - SnapKit (5.6.0)
  - Starscream (3.1.1)
  - SwiftMessages (9.0.9):
    - SwiftMessages/App (= 9.0.9)
  - SwiftMessages/App (9.0.9)
  - SwiftyJSON (5.0.1)
  - SwiftyUserDefaults (5.3.0)
  - TweetNacl (1.0.2)
  - WalletConnectSwiftV2 (1.9.1):
    - WalletConnectSwiftV2/WalletConnect (= 1.9.1)
  - WalletConnectSwiftV2/Commons (1.9.1)
  - WalletConnectSwiftV2/HTTPClient (1.9.1)
  - WalletConnectSwiftV2/JSONRPC (1.9.1):
    - WalletConnectSwiftV2/Commons
  - WalletConnectSwiftV2/WalletConnect (1.9.1):
    - WalletConnectSwiftV2/WalletConnectAuth
    - WalletConnectSwiftV2/WalletConnectPush
    - WalletConnectSwiftV2/WalletConnectSign
    - WalletConnectSwiftV2/WalletConnectVerify
  - WalletConnectSwiftV2/WalletConnectAuth (1.9.1):
    - WalletConnectSwiftV2/WalletConnectPairing
    - WalletConnectSwiftV2/WalletConnectSigner
    - WalletConnectSwiftV2/WalletConnectVerify
  - WalletConnectSwiftV2/WalletConnectJWT (1.9.1):
    - WalletConnectSwiftV2/WalletConnectKMS
  - WalletConnectSwiftV2/WalletConnectKMS (1.9.1):
    - WalletConnectSwiftV2/WalletConnectUtils
  - WalletConnectSwiftV2/WalletConnectNetworking (1.9.1):
    - WalletConnectSwiftV2/HTTPClient
    - WalletConnectSwiftV2/WalletConnectRelay
  - WalletConnectSwiftV2/WalletConnectPairing (1.9.1):
    - WalletConnectSwiftV2/WalletConnectNetworking
  - WalletConnectSwiftV2/WalletConnectPush (1.9.1):
    - WalletConnectSwiftV2/WalletConnectJWT
    - WalletConnectSwiftV2/WalletConnectNetworking
  - WalletConnectSwiftV2/WalletConnectRelay (1.9.1):
    - WalletConnectSwiftV2/WalletConnectJWT
  - WalletConnectSwiftV2/WalletConnectSign (1.9.1):
    - WalletConnectSwiftV2/WalletConnectPairing
    - WalletConnectSwiftV2/WalletConnectVerify
  - WalletConnectSwiftV2/WalletConnectSigner (1.9.1):
    - WalletConnectSwiftV2/WalletConnectNetworking
  - WalletConnectSwiftV2/WalletConnectUtils (1.9.1):
    - WalletConnectSwiftV2/JSONRPC
  - WalletConnectSwiftV2/WalletConnectVerify (1.9.1):
    - WalletConnectSwiftV2/WalletConnectNetworking
    - WalletConnectSwiftV2/WalletConnectUtils

DEPENDENCIES:
  - ConnectCommon (= 0.2.13)
  - ConnectEVMAdapter (= 0.2.13)
  - ConnectPhantomAdapter (= 0.2.13)
  - ConnectSolanaAdapter (= 0.2.13)
  - ConnectWalletConnectAdapter (= 0.2.13)
  - Flutter (from `Flutter`)
  - particle_aa (from `.symlinks/plugins/particle_aa/ios`)
  - particle_auth (from `.symlinks/plugins/particle_auth/ios`)
  - particle_connect (from `.symlinks/plugins/particle_connect/ios`)
  - ParticleAA (= 1.3.4)
  - ParticleAuthService (= 1.3.4)
  - ParticleConnect (= 0.2.13)
  - ParticleNetworkBase (= 1.3.4)

SPEC REPOS:
  https://github.com/CocoaPods/Specs.git:
    - Alamofire
    - Base58.swift
    - BigInt
    - ConnectCommon
    - ConnectEVMAdapter
    - ConnectPhantomAdapter
    - ConnectSolanaAdapter
    - ConnectWalletConnectAdapter
    - CryptoSwift
    - libwebp
    - ParticleAA
    - ParticleAuthAdapter
    - ParticleAuthService
    - ParticleConnect
    - ParticleNetworkBase
    - RxAlamofire
    - RxCocoa
    - RxRelay
    - RxSwift
    - SDWebImage
    - SDWebImageWebPCoder
    - secp256k1.swift
    - SnapKit
    - Starscream
    - SwiftMessages
    - SwiftyJSON
    - SwiftyUserDefaults
    - TweetNacl
    - WalletConnectSwiftV2

EXTERNAL SOURCES:
  Flutter:
    :path: Flutter
  particle_aa:
    :path: ".symlinks/plugins/particle_aa/ios"
  particle_auth:
    :path: ".symlinks/plugins/particle_auth/ios"
  particle_connect:
    :path: ".symlinks/plugins/particle_connect/ios"

SPEC CHECKSUMS:
  Alamofire: 3ca42e259043ee0dc5c0cdd76c4bc568b8e42af7
  Base58.swift: e0e16655f9db843b8cd367593ed6f7d90d136b7f
  BigInt: f668a80089607f521586bbe29513d708491ef2f7
  ConnectCommon: e85d9caedcc0422df48315733d5ee0460a0acdad
  ConnectEVMAdapter: 8c444d90876b6ccb93ce2a369b972b5f86bf8e79
  ConnectPhantomAdapter: 7bcb54d96e523cb68b820fb437a2504cb3fba5ca
  ConnectSolanaAdapter: d0514c056a3242ad51a3c71e6e531ad1930f2c02
  ConnectWalletConnectAdapter: a011e96e3cbb46f96d145e3f8f94ead99588e321
  CryptoSwift: 52aaf3fce7337552863b1d952e408085f0e65030
  Flutter: f04841e97a9d0b0a8025694d0796dd46242b2854
  libwebp: 1786c9f4ff8a279e4dac1e8f385004d5fc253009
  particle_aa: 02d46a151c4e3b90851615d26e21a88960e752ec
  particle_auth: f63e17b5dc9b5f7b3ad4d5c13fbfc03d3739b3ab
  particle_connect: 0192191b9fcae5c955c4752920acc5f05deb762a
  ParticleAA: bf9ebad3c656dd8eece5aa7b3009e7a7580ea929
  ParticleAuthAdapter: 0304e647c877c8e32afa410746b8d8ec69c1eaaf
  ParticleAuthService: ab9199726e5d0bda15ac87a5f83957cd2124a679
  ParticleConnect: bee8e5c491e858675b195155d001d25be1b98fff
  ParticleNetworkBase: ff9b116b323031cc9839f17d4a7d5bae598de98c
  RxAlamofire: beb75a1c452d0de225651db4903f5d29d034a620
  RxCocoa: 94f817b71c07517321eb4f9ad299112ca8af743b
  RxRelay: 1de1523e604c72b6c68feadedd1af3b1b4d0ecbd
  RxSwift: 5710a9e6b17f3c3d6e40d6e559b9fa1e813b2ef8
  SDWebImage: 96e0c18ef14010b7485210e92fac888587ebb958
  SDWebImageWebPCoder: 633b813fca24f1de5e076bcd7f720c038b23892b
  secp256k1.swift: a7e7a214f6db6ce5db32cc6b2b45e5c4dd633634
  SnapKit: e01d52ebb8ddbc333eefe2132acf85c8227d9c25
  Starscream: 4bb2f9942274833f7b4d296a55504dcfc7edb7b0
  SwiftMessages: 1a23aef303fa7bb26ad802880746cf8358e378fe
  SwiftyJSON: 2f33a42c6fbc52764d96f13368585094bfd8aa5e
  SwiftyUserDefaults: 63f80248cf5bfb3458825d9a78f2eb7e1293a040
  TweetNacl: 3abf4d1d2082b0114e7a67410e300892448951e6
  WalletConnectSwiftV2: 11a9110e95715d3cb11342f493bf17d12088939f

PODFILE CHECKSUM: f06b79a0dc77d6279cba545de9fe2371937c1b6d

COCOAPODS: 1.14.2
